{
  "object": {
    "pins": [
      {
        "package": "Ed25519",
        "repositoryURL": "https://github.com/AndrewBarba/ed25519.git",
        "state": {
          "branch": null,
          "revision": "9c402265ebbb07a835d932ff921aa6b75a436bf5",
          "version": "1.0.0"
        }
      }
    ]
  },
  "version": 1
}
