{
  "object": {
    "pins": [
      {
        "package": "Ed25519",
        "repositoryURL": "https://github.com/vzsg/ed25519.git",
        "state": {
          "branch": null,
          "revision": "0d2cfe8ce5e55cb3df77a846def37071b0b6ff91",
          "version": "0.2.0"
        }
      }
    ]
  },
  "version": 1
}
