// !$*UTF8*$!
{
   archiveVersion = "1";
   objectVersion = "46";
   objects = {
      "Ed25519::CEd25519" = {
         isa = "PBXNativeTarget";
         buildConfigurationList = "OBJ_134";
         buildPhases = (
            "OBJ_137",
            "OBJ_148",
         );
         dependencies = (
         );
         name = "CEd25519";
         productName = "CEd25519";
         productReference = "Ed25519::CEd25519::Product";
         productType = "com.apple.product-type.framework";
      };
      "Ed25519::CEd25519::Product" = {
         isa = "PBXFileReference";
         path = "CEd25519.framework";
         sourceTree = "BUILT_PRODUCTS_DIR";
      };
      "Ed25519::Ed25519" = {
         isa = "PBXNativeTarget";
         buildConfigurationList = "OBJ_150";
         buildPhases = (
            "OBJ_153",
            "OBJ_159",
         );
         dependencies = (
            "OBJ_161",
         );
         name = "Ed25519";
         productName = "Ed25519";
         productReference = "Ed25519::Ed25519::Product";
         productType = "com.apple.product-type.framework";
      };
      "Ed25519::Ed25519::Product" = {
         isa = "PBXFileReference";
         path = "Ed25519.framework";
         sourceTree = "BUILT_PRODUCTS_DIR";
      };
      "Ed25519::SwiftPMPackageDescription" = {
         isa = "PBXNativeTarget";
         buildConfigurationList = "OBJ_163";
         buildPhases = (
            "OBJ_166",
         );
         dependencies = (
         );
         name = "Ed25519PackageDescription";
         productName = "Ed25519PackageDescription";
         productType = "com.apple.product-type.framework";
      };
      "Lisk::Lisk" = {
         isa = "PBXNativeTarget";
         buildConfigurationList = "OBJ_169";
         buildPhases = (
            "OBJ_172",
            "OBJ_216",
         );
         dependencies = (
            "OBJ_219",
            "OBJ_220",
         );
         name = "Lisk";
         productName = "Lisk";
         productReference = "Lisk::Lisk::Product";
         productType = "com.apple.product-type.framework";
      };
      "Lisk::Lisk::Product" = {
         isa = "PBXFileReference";
         path = "Lisk.framework";
         sourceTree = "BUILT_PRODUCTS_DIR";
      };
      "Lisk::LiskPackageTests::ProductTarget" = {
         isa = "PBXAggregateTarget";
         buildConfigurationList = "OBJ_228";
         buildPhases = (
         );
         dependencies = (
            "OBJ_231",
         );
         name = "LiskPackageTests";
         productName = "LiskPackageTests";
      };
      "Lisk::LiskTests" = {
         isa = "PBXNativeTarget";
         buildConfigurationList = "OBJ_233";
         buildPhases = (
            "OBJ_236",
            "OBJ_254",
         );
         dependencies = (
            "OBJ_258",
            "OBJ_259",
            "OBJ_260",
         );
         name = "LiskTests";
         productName = "LiskTests";
         productReference = "Lisk::LiskTests::Product";
         productType = "com.apple.product-type.bundle.unit-test";
      };
      "Lisk::LiskTests::Product" = {
         isa = "PBXFileReference";
         path = "LiskTests.xctest";
         sourceTree = "BUILT_PRODUCTS_DIR";
      };
      "Lisk::SwiftPMPackageDescription" = {
         isa = "PBXNativeTarget";
         buildConfigurationList = "OBJ_222";
         buildPhases = (
            "OBJ_225",
         );
         dependencies = (
         );
         name = "LiskPackageDescription";
         productName = "LiskPackageDescription";
         productType = "com.apple.product-type.framework";
      };
      "OBJ_1" = {
         isa = "PBXProject";
         attributes = {
            LastUpgradeCheck = "9999";
         };
         buildConfigurationList = "OBJ_2";
         compatibilityVersion = "Xcode 3.2";
         developmentRegion = "English";
         hasScannedForEncodings = "0";
         knownRegions = (
            "en",
         );
         mainGroup = "OBJ_5";
         productRefGroup = "OBJ_128";
         projectDirPath = ".";
         targets = (
            "Ed25519::CEd25519",
            "Ed25519::Ed25519",
            "Ed25519::SwiftPMPackageDescription",
            "Lisk::Lisk",
            "Lisk::SwiftPMPackageDescription",
            "Lisk::LiskPackageTests::ProductTarget",
            "Lisk::LiskTests",
         );
      };
      "OBJ_10" = {
         isa = "PBXFileReference";
         path = "Accounts.swift";
         sourceTree = "<group>";
      };
      "OBJ_100" = {
         isa = "PBXGroup";
         children = (
            "OBJ_101",
            "OBJ_102",
         );
         name = "Crypto";
         path = "Crypto";
         sourceTree = "<group>";
      };
      "OBJ_101" = {
         isa = "PBXFileReference";
         path = "MnemonicPassphraseTests.swift";
         sourceTree = "<group>";
      };
      "OBJ_102" = {
         isa = "PBXFileReference";
         path = "SignMessageTests.swift";
         sourceTree = "<group>";
      };
      "OBJ_103" = {
         isa = "PBXFileReference";
         path = "LiskTestCase.swift";
         sourceTree = "<group>";
      };
      "OBJ_104" = {
         isa = "PBXFileReference";
         path = "docs";
         sourceTree = "SOURCE_ROOT";
      };
      "OBJ_105" = {
         isa = "PBXGroup";
         children = (
            "OBJ_106",
         );
         name = "Dependencies";
         path = "";
         sourceTree = "<group>";
      };
      "OBJ_106" = {
         isa = "PBXGroup";
         children = (
            "OBJ_107",
            "OBJ_121",
            "OBJ_127",
         );
         name = "Ed25519 1.1.0";
         path = "";
         sourceTree = "SOURCE_ROOT";
      };
      "OBJ_107" = {
         isa = "PBXGroup";
         children = (
            "OBJ_108",
            "OBJ_109",
            "OBJ_110",
            "OBJ_111",
            "OBJ_112",
            "OBJ_113",
            "OBJ_114",
            "OBJ_115",
            "OBJ_116",
            "OBJ_117",
            "OBJ_118",
         );
         name = "CEd25519";
         path = ".build/checkouts/ed25519.git--1962158432852652388/Sources/CEd25519";
         sourceTree = "SOURCE_ROOT";
      };
      "OBJ_108" = {
         isa = "PBXFileReference";
         path = "add_scalar.c";
         sourceTree = "<group>";
      };
      "OBJ_109" = {
         isa = "PBXFileReference";
         path = "fe.c";
         sourceTree = "<group>";
      };
      "OBJ_11" = {
         isa = "PBXGroup";
         children = (
            "OBJ_12",
         );
         name = "Models";
         path = "Models";
         sourceTree = "<group>";
      };
      "OBJ_110" = {
         isa = "PBXFileReference";
         path = "ge.c";
         sourceTree = "<group>";
      };
      "OBJ_111" = {
         isa = "PBXFileReference";
         path = "key_exchange.c";
         sourceTree = "<group>";
      };
      "OBJ_112" = {
         isa = "PBXFileReference";
         path = "keypair.c";
         sourceTree = "<group>";
      };
      "OBJ_113" = {
         isa = "PBXFileReference";
         path = "sc.c";
         sourceTree = "<group>";
      };
      "OBJ_114" = {
         isa = "PBXFileReference";
         path = "seed.c";
         sourceTree = "<group>";
      };
      "OBJ_115" = {
         isa = "PBXFileReference";
         path = "sha512.c";
         sourceTree = "<group>";
      };
      "OBJ_116" = {
         isa = "PBXFileReference";
         path = "sign.c";
         sourceTree = "<group>";
      };
      "OBJ_117" = {
         isa = "PBXFileReference";
         path = "verify.c";
         sourceTree = "<group>";
      };
      "OBJ_118" = {
         isa = "PBXGroup";
         children = (
            "OBJ_119",
            "OBJ_120",
         );
         name = "include";
         path = "include";
         sourceTree = "<group>";
      };
      "OBJ_119" = {
         isa = "PBXFileReference";
         path = "ed25519.h";
         sourceTree = "<group>";
      };
      "OBJ_12" = {
         isa = "PBXFileReference";
         path = "AccountModel.swift";
         sourceTree = "<group>";
      };
      "OBJ_120" = {
         isa = "PBXFileReference";
         name = "module.modulemap";
         path = "/Users/andrewbarba/Code/Lisk/lisk-swift/Lisk.xcodeproj/GeneratedModuleMap/CEd25519/module.modulemap";
         sourceTree = "<group>";
      };
      "OBJ_121" = {
         isa = "PBXGroup";
         children = (
            "OBJ_122",
            "OBJ_123",
            "OBJ_124",
            "OBJ_125",
            "OBJ_126",
         );
         name = "Ed25519";
         path = ".build/checkouts/ed25519.git--1962158432852652388/Sources/Ed25519";
         sourceTree = "SOURCE_ROOT";
      };
      "OBJ_122" = {
         isa = "PBXFileReference";
         path = "Error.swift";
         sourceTree = "<group>";
      };
      "OBJ_123" = {
         isa = "PBXFileReference";
         path = "KeyPair.swift";
         sourceTree = "<group>";
      };
      "OBJ_124" = {
         isa = "PBXFileReference";
         path = "PrivateKey.swift";
         sourceTree = "<group>";
      };
      "OBJ_125" = {
         isa = "PBXFileReference";
         path = "PublicKey.swift";
         sourceTree = "<group>";
      };
      "OBJ_126" = {
         isa = "PBXFileReference";
         path = "Seed.swift";
         sourceTree = "<group>";
      };
      "OBJ_127" = {
         isa = "PBXFileReference";
         explicitFileType = "sourcecode.swift";
         name = "Package.swift";
         path = "/Users/andrewbarba/Code/Lisk/lisk-swift/.build/checkouts/ed25519.git--1962158432852652388/Package.swift";
         sourceTree = "<group>";
      };
      "OBJ_128" = {
         isa = "PBXGroup";
         children = (
            "Ed25519::Ed25519::Product",
            "Ed25519::CEd25519::Product",
            "Lisk::Lisk::Product",
            "Lisk::LiskTests::Product",
         );
         name = "Products";
         path = "";
         sourceTree = "BUILT_PRODUCTS_DIR";
      };
      "OBJ_13" = {
         isa = "PBXGroup";
         children = (
            "OBJ_14",
         );
         name = "Responses";
         path = "Responses";
         sourceTree = "<group>";
      };
      "OBJ_134" = {
         isa = "XCConfigurationList";
         buildConfigurations = (
            "OBJ_135",
            "OBJ_136",
         );
         defaultConfigurationIsVisible = "0";
         defaultConfigurationName = "Release";
      };
      "OBJ_135" = {
         isa = "XCBuildConfiguration";
         buildSettings = {
            DEFINES_MODULE = "NO";
            ENABLE_TESTABILITY = "YES";
            FRAMEWORK_SEARCH_PATHS = (
               "$(inherited)",
               "$(PLATFORM_DIR)/Developer/Library/Frameworks",
            );
            HEADER_SEARCH_PATHS = (
               "$(inherited)",
               "$(SRCROOT)/.build/checkouts/ed25519.git--1962158432852652388/Sources/CEd25519/include",
            );
            INFOPLIST_FILE = "Lisk.xcodeproj/CEd25519_Info.plist";
            LD_RUNPATH_SEARCH_PATHS = (
               "$(inherited)",
               "$(TOOLCHAIN_DIR)/usr/lib/swift/macosx",
            );
            OTHER_CFLAGS = (
               "$(inherited)",
            );
            OTHER_LDFLAGS = (
               "$(inherited)",
            );
            OTHER_SWIFT_FLAGS = (
               "$(inherited)",
            );
            PRODUCT_BUNDLE_IDENTIFIER = "CEd25519";
            PRODUCT_MODULE_NAME = "$(TARGET_NAME:c99extidentifier)";
            PRODUCT_NAME = "$(TARGET_NAME:c99extidentifier)";
            SKIP_INSTALL = "YES";
            TARGET_NAME = "CEd25519";
         };
         name = "Debug";
      };
      "OBJ_136" = {
         isa = "XCBuildConfiguration";
         buildSettings = {
            DEFINES_MODULE = "NO";
            ENABLE_TESTABILITY = "YES";
            FRAMEWORK_SEARCH_PATHS = (
               "$(inherited)",
               "$(PLATFORM_DIR)/Developer/Library/Frameworks",
            );
            HEADER_SEARCH_PATHS = (
               "$(inherited)",
               "$(SRCROOT)/.build/checkouts/ed25519.git--1962158432852652388/Sources/CEd25519/include",
            );
            INFOPLIST_FILE = "Lisk.xcodeproj/CEd25519_Info.plist";
            LD_RUNPATH_SEARCH_PATHS = (
               "$(inherited)",
               "$(TOOLCHAIN_DIR)/usr/lib/swift/macosx",
            );
            OTHER_CFLAGS = (
               "$(inherited)",
            );
            OTHER_LDFLAGS = (
               "$(inherited)",
            );
            OTHER_SWIFT_FLAGS = (
               "$(inherited)",
            );
            PRODUCT_BUNDLE_IDENTIFIER = "CEd25519";
            PRODUCT_MODULE_NAME = "$(TARGET_NAME:c99extidentifier)";
            PRODUCT_NAME = "$(TARGET_NAME:c99extidentifier)";
            SKIP_INSTALL = "YES";
            TARGET_NAME = "CEd25519";
         };
         name = "Release";
      };
      "OBJ_137" = {
         isa = "PBXSourcesBuildPhase";
         files = (
            "OBJ_138",
            "OBJ_139",
            "OBJ_140",
            "OBJ_141",
            "OBJ_142",
            "OBJ_143",
            "OBJ_144",
            "OBJ_145",
            "OBJ_146",
            "OBJ_147",
         );
      };
      "OBJ_138" = {
         isa = "PBXBuildFile";
         fileRef = "OBJ_108";
      };
      "OBJ_139" = {
         isa = "PBXBuildFile";
         fileRef = "OBJ_109";
      };
      "OBJ_14" = {
         isa = "PBXFileReference";
         path = "AccountsResponse.swift";
         sourceTree = "<group>";
      };
      "OBJ_140" = {
         isa = "PBXBuildFile";
         fileRef = "OBJ_110";
      };
      "OBJ_141" = {
         isa = "PBXBuildFile";
         fileRef = "OBJ_111";
      };
      "OBJ_142" = {
         isa = "PBXBuildFile";
         fileRef = "OBJ_112";
      };
      "OBJ_143" = {
         isa = "PBXBuildFile";
         fileRef = "OBJ_113";
      };
      "OBJ_144" = {
         isa = "PBXBuildFile";
         fileRef = "OBJ_114";
      };
      "OBJ_145" = {
         isa = "PBXBuildFile";
         fileRef = "OBJ_115";
      };
      "OBJ_146" = {
         isa = "PBXBuildFile";
         fileRef = "OBJ_116";
      };
      "OBJ_147" = {
         isa = "PBXBuildFile";
         fileRef = "OBJ_117";
      };
      "OBJ_148" = {
         isa = "PBXFrameworksBuildPhase";
         files = (
         );
      };
      "OBJ_15" = {
         isa = "PBXGroup";
         children = (
            "OBJ_16",
            "OBJ_17",
            "OBJ_19",
         );
         name = "Blocks";
         path = "Blocks";
         sourceTree = "<group>";
      };
      "OBJ_150" = {
         isa = "XCConfigurationList";
         buildConfigurations = (
            "OBJ_151",
            "OBJ_152",
         );
         defaultConfigurationIsVisible = "0";
         defaultConfigurationName = "Release";
      };
      "OBJ_151" = {
         isa = "XCBuildConfiguration";
         buildSettings = {
            ENABLE_TESTABILITY = "YES";
            FRAMEWORK_SEARCH_PATHS = (
               "$(inherited)",
               "$(PLATFORM_DIR)/Developer/Library/Frameworks",
            );
            HEADER_SEARCH_PATHS = (
               "$(inherited)",
               "$(SRCROOT)/.build/checkouts/ed25519.git--1962158432852652388/Sources/CEd25519/include",
               "$(SRCROOT)/Lisk.xcodeproj/GeneratedModuleMap/CEd25519",
            );
            INFOPLIST_FILE = "Lisk.xcodeproj/Ed25519_Info.plist";
            LD_RUNPATH_SEARCH_PATHS = (
               "$(inherited)",
               "$(TOOLCHAIN_DIR)/usr/lib/swift/macosx",
            );
            OTHER_CFLAGS = (
               "$(inherited)",
            );
            OTHER_LDFLAGS = (
               "$(inherited)",
            );
            OTHER_SWIFT_FLAGS = (
               "$(inherited)",
               "-Xcc",
               "-fmodule-map-file=$(SRCROOT)/Lisk.xcodeproj/GeneratedModuleMap/CEd25519/module.modulemap",
            );
            PRODUCT_BUNDLE_IDENTIFIER = "Ed25519";
            PRODUCT_MODULE_NAME = "$(TARGET_NAME:c99extidentifier)";
            PRODUCT_NAME = "$(TARGET_NAME:c99extidentifier)";
            SKIP_INSTALL = "YES";
            SWIFT_VERSION = "4.0";
            TARGET_NAME = "Ed25519";
         };
         name = "Debug";
      };
      "OBJ_152" = {
         isa = "XCBuildConfiguration";
         buildSettings = {
            ENABLE_TESTABILITY = "YES";
            FRAMEWORK_SEARCH_PATHS = (
               "$(inherited)",
               "$(PLATFORM_DIR)/Developer/Library/Frameworks",
            );
            HEADER_SEARCH_PATHS = (
               "$(inherited)",
               "$(SRCROOT)/.build/checkouts/ed25519.git--1962158432852652388/Sources/CEd25519/include",
               "$(SRCROOT)/Lisk.xcodeproj/GeneratedModuleMap/CEd25519",
            );
            INFOPLIST_FILE = "Lisk.xcodeproj/Ed25519_Info.plist";
            LD_RUNPATH_SEARCH_PATHS = (
               "$(inherited)",
               "$(TOOLCHAIN_DIR)/usr/lib/swift/macosx",
            );
            OTHER_CFLAGS = (
               "$(inherited)",
            );
            OTHER_LDFLAGS = (
               "$(inherited)",
            );
            OTHER_SWIFT_FLAGS = (
               "$(inherited)",
               "-Xcc",
               "-fmodule-map-file=$(SRCROOT)/Lisk.xcodeproj/GeneratedModuleMap/CEd25519/module.modulemap",
            );
            PRODUCT_BUNDLE_IDENTIFIER = "Ed25519";
            PRODUCT_MODULE_NAME = "$(TARGET_NAME:c99extidentifier)";
            PRODUCT_NAME = "$(TARGET_NAME:c99extidentifier)";
            SKIP_INSTALL = "YES";
            SWIFT_VERSION = "4.0";
            TARGET_NAME = "Ed25519";
         };
         name = "Release";
      };
      "OBJ_153" = {
         isa = "PBXSourcesBuildPhase";
         files = (
            "OBJ_154",
            "OBJ_155",
            "OBJ_156",
            "OBJ_157",
            "OBJ_158",
         );
      };
      "OBJ_154" = {
         isa = "PBXBuildFile";
         fileRef = "OBJ_122";
      };
      "OBJ_155" = {
         isa = "PBXBuildFile";
         fileRef = "OBJ_123";
      };
      "OBJ_156" = {
         isa = "PBXBuildFile";
         fileRef = "OBJ_124";
      };
      "OBJ_157" = {
         isa = "PBXBuildFile";
         fileRef = "OBJ_125";
      };
      "OBJ_158" = {
         isa = "PBXBuildFile";
         fileRef = "OBJ_126";
      };
      "OBJ_159" = {
         isa = "PBXFrameworksBuildPhase";
         files = (
            "OBJ_160",
         );
      };
      "OBJ_16" = {
         isa = "PBXFileReference";
         path = "Blocks.swift";
         sourceTree = "<group>";
      };
      "OBJ_160" = {
         isa = "PBXBuildFile";
         fileRef = "Ed25519::CEd25519::Product";
      };
      "OBJ_161" = {
         isa = "PBXTargetDependency";
         target = "Ed25519::CEd25519";
      };
      "OBJ_163" = {
         isa = "XCConfigurationList";
         buildConfigurations = (
            "OBJ_164",
            "OBJ_165",
         );
         defaultConfigurationIsVisible = "0";
         defaultConfigurationName = "Release";
      };
      "OBJ_164" = {
         isa = "XCBuildConfiguration";
         buildSettings = {
            LD = "/usr/bin/true";
            OTHER_SWIFT_FLAGS = (
               "-swift-version",
               "4",
               "-I",
               "$(TOOLCHAIN_DIR)/usr/lib/swift/pm/4",
               "-target",
               "x86_64-apple-macosx10.10",
               "-sdk",
               "/Applications/Xcode.app/Contents/Developer/Platforms/MacOSX.platform/Developer/SDKs/MacOSX10.13.sdk",
            );
            SWIFT_VERSION = "4.0";
         };
         name = "Debug";
      };
      "OBJ_165" = {
         isa = "XCBuildConfiguration";
         buildSettings = {
            LD = "/usr/bin/true";
            OTHER_SWIFT_FLAGS = (
               "-swift-version",
               "4",
               "-I",
               "$(TOOLCHAIN_DIR)/usr/lib/swift/pm/4",
               "-target",
               "x86_64-apple-macosx10.10",
               "-sdk",
               "/Applications/Xcode.app/Contents/Developer/Platforms/MacOSX.platform/Developer/SDKs/MacOSX10.13.sdk",
            );
            SWIFT_VERSION = "4.0";
         };
         name = "Release";
      };
      "OBJ_166" = {
         isa = "PBXSourcesBuildPhase";
         files = (
            "OBJ_167",
         );
      };
      "OBJ_167" = {
         isa = "PBXBuildFile";
         fileRef = "OBJ_127";
      };
      "OBJ_169" = {
         isa = "XCConfigurationList";
         buildConfigurations = (
            "OBJ_170",
            "OBJ_171",
         );
         defaultConfigurationIsVisible = "0";
         defaultConfigurationName = "Release";
      };
      "OBJ_17" = {
         isa = "PBXGroup";
         children = (
            "OBJ_18",
         );
         name = "Models";
         path = "Models";
         sourceTree = "<group>";
      };
      "OBJ_170" = {
         isa = "XCBuildConfiguration";
         buildSettings = {
            ENABLE_TESTABILITY = "YES";
            FRAMEWORK_SEARCH_PATHS = (
               "$(inherited)",
               "$(PLATFORM_DIR)/Developer/Library/Frameworks",
            );
            HEADER_SEARCH_PATHS = (
               "$(inherited)",
               "$(SRCROOT)/.build/checkouts/ed25519.git--1962158432852652388/Sources/CEd25519/include",
               "$(SRCROOT)/Lisk.xcodeproj/GeneratedModuleMap/CEd25519",
            );
            INFOPLIST_FILE = "Lisk.xcodeproj/Lisk_Info.plist";
            LD_RUNPATH_SEARCH_PATHS = (
               "$(inherited)",
               "$(TOOLCHAIN_DIR)/usr/lib/swift/macosx",
            );
            OTHER_CFLAGS = (
               "$(inherited)",
            );
            OTHER_LDFLAGS = (
               "$(inherited)",
            );
            OTHER_SWIFT_FLAGS = (
               "$(inherited)",
               "-Xcc",
               "-fmodule-map-file=$(SRCROOT)/Lisk.xcodeproj/GeneratedModuleMap/CEd25519/module.modulemap",
            );
            PRODUCT_BUNDLE_IDENTIFIER = "Lisk";
            PRODUCT_MODULE_NAME = "$(TARGET_NAME:c99extidentifier)";
            PRODUCT_NAME = "$(TARGET_NAME:c99extidentifier)";
            SKIP_INSTALL = "YES";
            SWIFT_VERSION = "4.0";
            TARGET_NAME = "Lisk";
         };
         name = "Debug";
      };
      "OBJ_171" = {
         isa = "XCBuildConfiguration";
         buildSettings = {
            ENABLE_TESTABILITY = "YES";
            FRAMEWORK_SEARCH_PATHS = (
               "$(inherited)",
               "$(PLATFORM_DIR)/Developer/Library/Frameworks",
            );
            HEADER_SEARCH_PATHS = (
               "$(inherited)",
               "$(SRCROOT)/.build/checkouts/ed25519.git--1962158432852652388/Sources/CEd25519/include",
               "$(SRCROOT)/Lisk.xcodeproj/GeneratedModuleMap/CEd25519",
            );
            INFOPLIST_FILE = "Lisk.xcodeproj/Lisk_Info.plist";
            LD_RUNPATH_SEARCH_PATHS = (
               "$(inherited)",
               "$(TOOLCHAIN_DIR)/usr/lib/swift/macosx",
            );
            OTHER_CFLAGS = (
               "$(inherited)",
            );
            OTHER_LDFLAGS = (
               "$(inherited)",
            );
            OTHER_SWIFT_FLAGS = (
               "$(inherited)",
               "-Xcc",
               "-fmodule-map-file=$(SRCROOT)/Lisk.xcodeproj/GeneratedModuleMap/CEd25519/module.modulemap",
            );
            PRODUCT_BUNDLE_IDENTIFIER = "Lisk";
            PRODUCT_MODULE_NAME = "$(TARGET_NAME:c99extidentifier)";
            PRODUCT_NAME = "$(TARGET_NAME:c99extidentifier)";
            SKIP_INSTALL = "YES";
            SWIFT_VERSION = "4.0";
            TARGET_NAME = "Lisk";
         };
         name = "Release";
      };
      "OBJ_172" = {
         isa = "PBXSourcesBuildPhase";
         files = (
            "OBJ_173",
            "OBJ_174",
            "OBJ_175",
            "OBJ_176",
            "OBJ_177",
            "OBJ_178",
            "OBJ_179",
            "OBJ_180",
            "OBJ_181",
            "OBJ_182",
            "OBJ_183",
            "OBJ_184",
            "OBJ_185",
            "OBJ_186",
            "OBJ_187",
            "OBJ_188",
            "OBJ_189",
            "OBJ_190",
            "OBJ_191",
            "OBJ_192",
            "OBJ_193",
            "OBJ_194",
            "OBJ_195",
            "OBJ_196",
            "OBJ_197",
            "OBJ_198",
            "OBJ_199",
            "OBJ_200",
            "OBJ_201",
            "OBJ_202",
            "OBJ_203",
            "OBJ_204",
            "OBJ_205",
            "OBJ_206",
            "OBJ_207",
            "OBJ_208",
            "OBJ_209",
            "OBJ_210",
            "OBJ_211",
            "OBJ_212",
            "OBJ_213",
            "OBJ_214",
            "OBJ_215",
         );
      };
      "OBJ_173" = {
         isa = "PBXBuildFile";
         fileRef = "OBJ_10";
      };
      "OBJ_174" = {
         isa = "PBXBuildFile";
         fileRef = "OBJ_12";
      };
      "OBJ_175" = {
         isa = "PBXBuildFile";
         fileRef = "OBJ_14";
      };
      "OBJ_176" = {
         isa = "PBXBuildFile";
         fileRef = "OBJ_16";
      };
      "OBJ_177" = {
         isa = "PBXBuildFile";
         fileRef = "OBJ_18";
      };
      "OBJ_178" = {
         isa = "PBXBuildFile";
         fileRef = "OBJ_20";
      };
      "OBJ_179" = {
         isa = "PBXBuildFile";
         fileRef = "OBJ_22";
      };
      "OBJ_18" = {
         isa = "PBXFileReference";
         path = "BlockModel.swift";
         sourceTree = "<group>";
      };
      "OBJ_180" = {
         isa = "PBXBuildFile";
         fileRef = "OBJ_24";
      };
      "OBJ_181" = {
         isa = "PBXBuildFile";
         fileRef = "OBJ_26";
      };
      "OBJ_182" = {
         isa = "PBXBuildFile";
         fileRef = "OBJ_28";
      };
      "OBJ_183" = {
         isa = "PBXBuildFile";
         fileRef = "OBJ_30";
      };
      "OBJ_184" = {
         isa = "PBXBuildFile";
         fileRef = "OBJ_32";
      };
      "OBJ_185" = {
         isa = "PBXBuildFile";
         fileRef = "OBJ_35";
      };
      "OBJ_186" = {
         isa = "PBXBuildFile";
         fileRef = "OBJ_36";
      };
      "OBJ_187" = {
         isa = "PBXBuildFile";
         fileRef = "OBJ_37";
      };
      "OBJ_188" = {
         isa = "PBXBuildFile";
         fileRef = "OBJ_39";
      };
      "OBJ_189" = {
         isa = "PBXBuildFile";
         fileRef = "OBJ_40";
      };
      "OBJ_19" = {
         isa = "PBXGroup";
         children = (
            "OBJ_20",
         );
         name = "Responses";
         path = "Responses";
         sourceTree = "<group>";
      };
      "OBJ_190" = {
         isa = "PBXBuildFile";
         fileRef = "OBJ_43";
      };
      "OBJ_191" = {
         isa = "PBXBuildFile";
         fileRef = "OBJ_44";
      };
      "OBJ_192" = {
         isa = "PBXBuildFile";
         fileRef = "OBJ_46";
      };
      "OBJ_193" = {
         isa = "PBXBuildFile";
         fileRef = "OBJ_49";
      };
      "OBJ_194" = {
         isa = "PBXBuildFile";
         fileRef = "OBJ_51";
      };
      "OBJ_195" = {
         isa = "PBXBuildFile";
         fileRef = "OBJ_52";
      };
      "OBJ_196" = {
         isa = "PBXBuildFile";
         fileRef = "OBJ_54";
      };
      "OBJ_197" = {
         isa = "PBXBuildFile";
         fileRef = "OBJ_56";
      };
      "OBJ_198" = {
         isa = "PBXBuildFile";
         fileRef = "OBJ_58";
      };
      "OBJ_199" = {
         isa = "PBXBuildFile";
         fileRef = "OBJ_59";
      };
      "OBJ_2" = {
         isa = "XCConfigurationList";
         buildConfigurations = (
            "OBJ_3",
            "OBJ_4",
         );
         defaultConfigurationIsVisible = "0";
         defaultConfigurationName = "Release";
      };
      "OBJ_20" = {
         isa = "PBXFileReference";
         path = "BlocksResponse.swift";
         sourceTree = "<group>";
      };
      "OBJ_200" = {
         isa = "PBXBuildFile";
         fileRef = "OBJ_60";
      };
      "OBJ_201" = {
         isa = "PBXBuildFile";
         fileRef = "OBJ_61";
      };
      "OBJ_202" = {
         isa = "PBXBuildFile";
         fileRef = "OBJ_63";
      };
      "OBJ_203" = {
         isa = "PBXBuildFile";
         fileRef = "OBJ_64";
      };
      "OBJ_204" = {
         isa = "PBXBuildFile";
         fileRef = "OBJ_65";
      };
      "OBJ_205" = {
         isa = "PBXBuildFile";
         fileRef = "OBJ_66";
      };
      "OBJ_206" = {
         isa = "PBXBuildFile";
         fileRef = "OBJ_67";
      };
      "OBJ_207" = {
         isa = "PBXBuildFile";
         fileRef = "OBJ_68";
      };
      "OBJ_208" = {
         isa = "PBXBuildFile";
         fileRef = "OBJ_69";
      };
      "OBJ_209" = {
         isa = "PBXBuildFile";
         fileRef = "OBJ_70";
      };
      "OBJ_21" = {
         isa = "PBXGroup";
         children = (
            "OBJ_22",
            "OBJ_23",
            "OBJ_25",
         );
         name = "Dapps";
         path = "Dapps";
         sourceTree = "<group>";
      };
      "OBJ_210" = {
         isa = "PBXBuildFile";
         fileRef = "OBJ_71";
      };
      "OBJ_211" = {
         isa = "PBXBuildFile";
         fileRef = "OBJ_73";
      };
      "OBJ_212" = {
         isa = "PBXBuildFile";
         fileRef = "OBJ_74";
      };
      "OBJ_213" = {
         isa = "PBXBuildFile";
         fileRef = "OBJ_75";
      };
      "OBJ_214" = {
         isa = "PBXBuildFile";
         fileRef = "OBJ_76";
      };
      "OBJ_215" = {
         isa = "PBXBuildFile";
         fileRef = "OBJ_77";
      };
      "OBJ_216" = {
         isa = "PBXFrameworksBuildPhase";
         files = (
            "OBJ_217",
            "OBJ_218",
         );
      };
      "OBJ_217" = {
         isa = "PBXBuildFile";
         fileRef = "Ed25519::Ed25519::Product";
      };
      "OBJ_218" = {
         isa = "PBXBuildFile";
         fileRef = "Ed25519::CEd25519::Product";
      };
      "OBJ_219" = {
         isa = "PBXTargetDependency";
         target = "Ed25519::Ed25519";
      };
      "OBJ_22" = {
         isa = "PBXFileReference";
         path = "Dapps.swift";
         sourceTree = "<group>";
      };
      "OBJ_220" = {
         isa = "PBXTargetDependency";
         target = "Ed25519::CEd25519";
      };
      "OBJ_222" = {
         isa = "XCConfigurationList";
         buildConfigurations = (
            "OBJ_223",
            "OBJ_224",
         );
         defaultConfigurationIsVisible = "0";
         defaultConfigurationName = "Release";
      };
      "OBJ_223" = {
         isa = "XCBuildConfiguration";
         buildSettings = {
            LD = "/usr/bin/true";
            OTHER_SWIFT_FLAGS = (
               "-swift-version",
               "4",
               "-I",
               "$(TOOLCHAIN_DIR)/usr/lib/swift/pm/4",
               "-target",
               "x86_64-apple-macosx10.10",
               "-sdk",
               "/Applications/Xcode.app/Contents/Developer/Platforms/MacOSX.platform/Developer/SDKs/MacOSX10.13.sdk",
            );
            SWIFT_VERSION = "4.0";
         };
         name = "Debug";
      };
      "OBJ_224" = {
         isa = "XCBuildConfiguration";
         buildSettings = {
            LD = "/usr/bin/true";
            OTHER_SWIFT_FLAGS = (
               "-swift-version",
               "4",
               "-I",
               "$(TOOLCHAIN_DIR)/usr/lib/swift/pm/4",
               "-target",
               "x86_64-apple-macosx10.10",
               "-sdk",
               "/Applications/Xcode.app/Contents/Developer/Platforms/MacOSX.platform/Developer/SDKs/MacOSX10.13.sdk",
            );
            SWIFT_VERSION = "4.0";
         };
         name = "Release";
      };
      "OBJ_225" = {
         isa = "PBXSourcesBuildPhase";
         files = (
            "OBJ_226",
         );
      };
      "OBJ_226" = {
         isa = "PBXBuildFile";
         fileRef = "OBJ_6";
      };
      "OBJ_228" = {
         isa = "XCConfigurationList";
         buildConfigurations = (
            "OBJ_229",
            "OBJ_230",
         );
         defaultConfigurationIsVisible = "0";
         defaultConfigurationName = "Release";
      };
      "OBJ_229" = {
         isa = "XCBuildConfiguration";
         buildSettings = {
         };
         name = "Debug";
      };
      "OBJ_23" = {
         isa = "PBXGroup";
         children = (
            "OBJ_24",
         );
         name = "Models";
         path = "Models";
         sourceTree = "<group>";
      };
      "OBJ_230" = {
         isa = "XCBuildConfiguration";
         buildSettings = {
         };
         name = "Release";
      };
      "OBJ_231" = {
         isa = "PBXTargetDependency";
         target = "Lisk::LiskTests";
      };
      "OBJ_233" = {
         isa = "XCConfigurationList";
         buildConfigurations = (
            "OBJ_234",
            "OBJ_235",
         );
         defaultConfigurationIsVisible = "0";
         defaultConfigurationName = "Release";
      };
      "OBJ_234" = {
         isa = "XCBuildConfiguration";
         buildSettings = {
            EMBEDDED_CONTENT_CONTAINS_SWIFT = "YES";
            FRAMEWORK_SEARCH_PATHS = (
               "$(inherited)",
               "$(PLATFORM_DIR)/Developer/Library/Frameworks",
            );
            HEADER_SEARCH_PATHS = (
               "$(inherited)",
               "$(SRCROOT)/.build/checkouts/ed25519.git--1962158432852652388/Sources/CEd25519/include",
               "$(SRCROOT)/Lisk.xcodeproj/GeneratedModuleMap/CEd25519",
            );
            INFOPLIST_FILE = "Lisk.xcodeproj/LiskTests_Info.plist";
            LD_RUNPATH_SEARCH_PATHS = (
               "$(inherited)",
               "@loader_path/../Frameworks",
               "@loader_path/Frameworks",
            );
            OTHER_CFLAGS = (
               "$(inherited)",
            );
            OTHER_LDFLAGS = (
               "$(inherited)",
            );
            OTHER_SWIFT_FLAGS = (
               "$(inherited)",
               "-Xcc",
               "-fmodule-map-file=$(SRCROOT)/Lisk.xcodeproj/GeneratedModuleMap/CEd25519/module.modulemap",
            );
            SWIFT_VERSION = "4.0";
            TARGET_NAME = "LiskTests";
         };
         name = "Debug";
      };
      "OBJ_235" = {
         isa = "XCBuildConfiguration";
         buildSettings = {
            EMBEDDED_CONTENT_CONTAINS_SWIFT = "YES";
            FRAMEWORK_SEARCH_PATHS = (
               "$(inherited)",
               "$(PLATFORM_DIR)/Developer/Library/Frameworks",
            );
            HEADER_SEARCH_PATHS = (
               "$(inherited)",
               "$(SRCROOT)/.build/checkouts/ed25519.git--1962158432852652388/Sources/CEd25519/include",
               "$(SRCROOT)/Lisk.xcodeproj/GeneratedModuleMap/CEd25519",
            );
            INFOPLIST_FILE = "Lisk.xcodeproj/LiskTests_Info.plist";
            LD_RUNPATH_SEARCH_PATHS = (
               "$(inherited)",
               "@loader_path/../Frameworks",
               "@loader_path/Frameworks",
            );
            OTHER_CFLAGS = (
               "$(inherited)",
            );
            OTHER_LDFLAGS = (
               "$(inherited)",
            );
            OTHER_SWIFT_FLAGS = (
               "$(inherited)",
               "-Xcc",
               "-fmodule-map-file=$(SRCROOT)/Lisk.xcodeproj/GeneratedModuleMap/CEd25519/module.modulemap",
            );
            SWIFT_VERSION = "4.0";
            TARGET_NAME = "LiskTests";
         };
         name = "Release";
      };
      "OBJ_236" = {
         isa = "PBXSourcesBuildPhase";
         files = (
            "OBJ_237",
            "OBJ_238",
            "OBJ_239",
            "OBJ_240",
            "OBJ_241",
            "OBJ_242",
            "OBJ_243",
            "OBJ_244",
            "OBJ_245",
            "OBJ_246",
            "OBJ_247",
            "OBJ_248",
            "OBJ_249",
            "OBJ_250",
            "OBJ_251",
            "OBJ_252",
            "OBJ_253",
         );
      };
      "OBJ_237" = {
         isa = "PBXBuildFile";
         fileRef = "OBJ_81";
      };
      "OBJ_238" = {
         isa = "PBXBuildFile";
         fileRef = "OBJ_82";
      };
      "OBJ_239" = {
         isa = "PBXBuildFile";
         fileRef = "OBJ_83";
      };
      "OBJ_24" = {
         isa = "PBXFileReference";
         path = "DappModel.swift";
         sourceTree = "<group>";
      };
      "OBJ_240" = {
         isa = "PBXBuildFile";
         fileRef = "OBJ_85";
      };
      "OBJ_241" = {
         isa = "PBXBuildFile";
         fileRef = "OBJ_86";
      };
      "OBJ_242" = {
         isa = "PBXBuildFile";
         fileRef = "OBJ_88";
      };
      "OBJ_243" = {
         isa = "PBXBuildFile";
         fileRef = "OBJ_89";
      };
      "OBJ_244" = {
         isa = "PBXBuildFile";
         fileRef = "OBJ_91";
      };
      "OBJ_245" = {
         isa = "PBXBuildFile";
         fileRef = "OBJ_92";
      };
      "OBJ_246" = {
         isa = "PBXBuildFile";
         fileRef = "OBJ_94";
      };
      "OBJ_247" = {
         isa = "PBXBuildFile";
         fileRef = "OBJ_96";
      };
      "OBJ_248" = {
         isa = "PBXBuildFile";
         fileRef = "OBJ_97";
      };
      "OBJ_249" = {
         isa = "PBXBuildFile";
         fileRef = "OBJ_98";
      };
      "OBJ_25" = {
         isa = "PBXGroup";
         children = (
            "OBJ_26",
         );
         name = "Responses";
         path = "Responses";
         sourceTree = "<group>";
      };
      "OBJ_250" = {
         isa = "PBXBuildFile";
         fileRef = "OBJ_99";
      };
      "OBJ_251" = {
         isa = "PBXBuildFile";
         fileRef = "OBJ_101";
      };
      "OBJ_252" = {
         isa = "PBXBuildFile";
         fileRef = "OBJ_102";
      };
      "OBJ_253" = {
         isa = "PBXBuildFile";
         fileRef = "OBJ_103";
      };
      "OBJ_254" = {
         isa = "PBXFrameworksBuildPhase";
         files = (
            "OBJ_255",
            "OBJ_256",
            "OBJ_257",
         );
      };
      "OBJ_255" = {
         isa = "PBXBuildFile";
         fileRef = "Lisk::Lisk::Product";
      };
      "OBJ_256" = {
         isa = "PBXBuildFile";
         fileRef = "Ed25519::Ed25519::Product";
      };
      "OBJ_257" = {
         isa = "PBXBuildFile";
         fileRef = "Ed25519::CEd25519::Product";
      };
      "OBJ_258" = {
         isa = "PBXTargetDependency";
         target = "Lisk::Lisk";
      };
      "OBJ_259" = {
         isa = "PBXTargetDependency";
         target = "Ed25519::Ed25519";
      };
      "OBJ_26" = {
         isa = "PBXFileReference";
         path = "DappsResponse.swift";
         sourceTree = "<group>";
      };
      "OBJ_260" = {
         isa = "PBXTargetDependency";
         target = "Ed25519::CEd25519";
      };
      "OBJ_27" = {
         isa = "PBXGroup";
         children = (
            "OBJ_28",
            "OBJ_29",
            "OBJ_31",
         );
         name = "Delegates";
         path = "Delegates";
         sourceTree = "<group>";
      };
      "OBJ_28" = {
         isa = "PBXFileReference";
         path = "Delegates.swift";
         sourceTree = "<group>";
      };
      "OBJ_29" = {
         isa = "PBXGroup";
         children = (
            "OBJ_30",
         );
         name = "Models";
         path = "Models";
         sourceTree = "<group>";
      };
      "OBJ_3" = {
         isa = "XCBuildConfiguration";
         buildSettings = {
            CLANG_ENABLE_OBJC_ARC = "YES";
            COMBINE_HIDPI_IMAGES = "YES";
            COPY_PHASE_STRIP = "NO";
            DEBUG_INFORMATION_FORMAT = "dwarf";
            DYLIB_INSTALL_NAME_BASE = "@rpath";
            ENABLE_NS_ASSERTIONS = "YES";
            GCC_OPTIMIZATION_LEVEL = "0";
            MACOSX_DEPLOYMENT_TARGET = "10.10";
            ONLY_ACTIVE_ARCH = "YES";
            OTHER_SWIFT_FLAGS = (
               "-DXcode",
            );
            PRODUCT_NAME = "$(TARGET_NAME)";
            SDKROOT = "macosx";
            SUPPORTED_PLATFORMS = (
               "macosx",
               "iphoneos",
               "iphonesimulator",
               "appletvos",
               "appletvsimulator",
               "watchos",
               "watchsimulator",
            );
            SWIFT_ACTIVE_COMPILATION_CONDITIONS = "SWIFT_PACKAGE";
            SWIFT_OPTIMIZATION_LEVEL = "-Onone";
            USE_HEADERMAP = "NO";
         };
         name = "Debug";
      };
      "OBJ_30" = {
         isa = "PBXFileReference";
         path = "DelegateModel.swift";
         sourceTree = "<group>";
      };
      "OBJ_31" = {
         isa = "PBXGroup";
         children = (
            "OBJ_32",
         );
         name = "Responses";
         path = "Responses";
         sourceTree = "<group>";
      };
      "OBJ_32" = {
         isa = "PBXFileReference";
         path = "DelegatesResponse.swift";
         sourceTree = "<group>";
      };
      "OBJ_33" = {
         isa = "PBXGroup";
         children = (
            "OBJ_34",
            "OBJ_37",
            "OBJ_38",
         );
         name = "Node";
         path = "Node";
         sourceTree = "<group>";
      };
      "OBJ_34" = {
         isa = "PBXGroup";
         children = (
            "OBJ_35",
            "OBJ_36",
         );
         name = "Models";
         path = "Models";
         sourceTree = "<group>";
      };
      "OBJ_35" = {
         isa = "PBXFileReference";
         path = "NodeConstantsModel.swift";
         sourceTree = "<group>";
      };
      "OBJ_36" = {
         isa = "PBXFileReference";
         path = "NodeStatusModel.swift";
         sourceTree = "<group>";
      };
      "OBJ_37" = {
         isa = "PBXFileReference";
         path = "Node.swift";
         sourceTree = "<group>";
      };
      "OBJ_38" = {
         isa = "PBXGroup";
         children = (
            "OBJ_39",
            "OBJ_40",
         );
         name = "Responses";
         path = "Responses";
         sourceTree = "<group>";
      };
      "OBJ_39" = {
         isa = "PBXFileReference";
         path = "NodeConstantsResponse.swift";
         sourceTree = "<group>";
      };
      "OBJ_4" = {
         isa = "XCBuildConfiguration";
         buildSettings = {
            CLANG_ENABLE_OBJC_ARC = "YES";
            COMBINE_HIDPI_IMAGES = "YES";
            COPY_PHASE_STRIP = "YES";
            DEBUG_INFORMATION_FORMAT = "dwarf-with-dsym";
            DYLIB_INSTALL_NAME_BASE = "@rpath";
            GCC_OPTIMIZATION_LEVEL = "s";
            MACOSX_DEPLOYMENT_TARGET = "10.10";
            OTHER_SWIFT_FLAGS = (
               "-DXcode",
            );
            PRODUCT_NAME = "$(TARGET_NAME)";
            SDKROOT = "macosx";
            SUPPORTED_PLATFORMS = (
               "macosx",
               "iphoneos",
               "iphonesimulator",
               "appletvos",
               "appletvsimulator",
               "watchos",
               "watchsimulator",
            );
            SWIFT_ACTIVE_COMPILATION_CONDITIONS = "SWIFT_PACKAGE";
            SWIFT_OPTIMIZATION_LEVEL = "-Owholemodule";
            USE_HEADERMAP = "NO";
         };
         name = "Release";
      };
      "OBJ_40" = {
         isa = "PBXFileReference";
         path = "NodeStatusResponse.swift";
         sourceTree = "<group>";
      };
      "OBJ_41" = {
         isa = "PBXGroup";
         children = (
            "OBJ_42",
            "OBJ_44",
            "OBJ_45",
         );
         name = "Peers";
         path = "Peers";
         sourceTree = "<group>";
      };
      "OBJ_42" = {
         isa = "PBXGroup";
         children = (
            "OBJ_43",
         );
         name = "Models";
         path = "Models";
         sourceTree = "<group>";
      };
      "OBJ_43" = {
         isa = "PBXFileReference";
         path = "PeerModel.swift";
         sourceTree = "<group>";
      };
      "OBJ_44" = {
         isa = "PBXFileReference";
         path = "Peers.swift";
         sourceTree = "<group>";
      };
      "OBJ_45" = {
         isa = "PBXGroup";
         children = (
            "OBJ_46",
         );
         name = "Responses";
         path = "Responses";
         sourceTree = "<group>";
      };
      "OBJ_46" = {
         isa = "PBXFileReference";
         path = "PeersResponse.swift";
         sourceTree = "<group>";
      };
      "OBJ_47" = {
         isa = "PBXGroup";
         children = (
            "OBJ_48",
            "OBJ_50",
            "OBJ_52",
         );
         name = "Signatures";
         path = "Signatures";
         sourceTree = "<group>";
      };
      "OBJ_48" = {
         isa = "PBXGroup";
         children = (
            "OBJ_49",
         );
         name = "Models";
         path = "Models";
         sourceTree = "<group>";
      };
      "OBJ_49" = {
         isa = "PBXFileReference";
         path = "SignatureModel.swift";
         sourceTree = "<group>";
      };
      "OBJ_5" = {
         isa = "PBXGroup";
         children = (
            "OBJ_6",
            "OBJ_7",
            "OBJ_78",
            "OBJ_104",
            "OBJ_105",
            "OBJ_128",
         );
         path = "";
         sourceTree = "<group>";
      };
      "OBJ_50" = {
         isa = "PBXGroup";
         children = (
            "OBJ_51",
         );
         name = "Responses";
         path = "Responses";
         sourceTree = "<group>";
      };
      "OBJ_51" = {
         isa = "PBXFileReference";
         path = "SignatureBroadcastResponse.swift";
         sourceTree = "<group>";
      };
      "OBJ_52" = {
         isa = "PBXFileReference";
         path = "Signatures.swift";
         sourceTree = "<group>";
      };
      "OBJ_53" = {
         isa = "PBXGroup";
         children = (
            "OBJ_54",
            "OBJ_55",
            "OBJ_57",
            "OBJ_60",
         );
         name = "Transactions";
         path = "Transactions";
         sourceTree = "<group>";
      };
      "OBJ_54" = {
         isa = "PBXFileReference";
         path = "LocalTransaction.swift";
         sourceTree = "<group>";
      };
      "OBJ_55" = {
         isa = "PBXGroup";
         children = (
            "OBJ_56",
         );
         name = "Models";
         path = "Models";
         sourceTree = "<group>";
      };
      "OBJ_56" = {
         isa = "PBXFileReference";
         path = "TransactionModel.swift";
         sourceTree = "<group>";
      };
      "OBJ_57" = {
         isa = "PBXGroup";
         children = (
            "OBJ_58",
            "OBJ_59",
         );
         name = "Responses";
         path = "Responses";
         sourceTree = "<group>";
      };
      "OBJ_58" = {
         isa = "PBXFileReference";
         path = "TransactionBroadcastResponse.swift";
         sourceTree = "<group>";
      };
      "OBJ_59" = {
         isa = "PBXFileReference";
         path = "TransactionsResponse.swift";
         sourceTree = "<group>";
      };
      "OBJ_6" = {
         isa = "PBXFileReference";
         explicitFileType = "sourcecode.swift";
         path = "Package.swift";
         sourceTree = "<group>";
      };
      "OBJ_60" = {
         isa = "PBXFileReference";
         path = "Transactions.swift";
         sourceTree = "<group>";
      };
      "OBJ_61" = {
         isa = "PBXFileReference";
         path = "Constants.swift";
         sourceTree = "<group>";
      };
      "OBJ_62" = {
         isa = "PBXGroup";
         children = (
            "OBJ_63",
            "OBJ_64",
            "OBJ_65",
            "OBJ_66",
            "OBJ_67",
            "OBJ_68",
            "OBJ_69",
            "OBJ_70",
            "OBJ_71",
         );
         name = "Core";
         path = "Core";
         sourceTree = "<group>";
      };
      "OBJ_63" = {
         isa = "PBXFileReference";
         path = "APIClient.swift";
         sourceTree = "<group>";
      };
      "OBJ_64" = {
         isa = "PBXFileReference";
         path = "APIError.swift";
         sourceTree = "<group>";
      };
      "OBJ_65" = {
         isa = "PBXFileReference";
         path = "APIModel.swift";
         sourceTree = "<group>";
      };
      "OBJ_66" = {
         isa = "PBXFileReference";
         path = "APINethash.swift";
         sourceTree = "<group>";
      };
      "OBJ_67" = {
         isa = "PBXFileReference";
         path = "APINode.swift";
         sourceTree = "<group>";
      };
      "OBJ_68" = {
         isa = "PBXFileReference";
         path = "APIOptions.swift";
         sourceTree = "<group>";
      };
      "OBJ_69" = {
         isa = "PBXFileReference";
         path = "APIRequest.swift";
         sourceTree = "<group>";
      };
      "OBJ_7" = {
         isa = "PBXGroup";
         children = (
            "OBJ_8",
            "OBJ_61",
            "OBJ_62",
            "OBJ_72",
         );
         name = "Sources";
         path = "Sources";
         sourceTree = "SOURCE_ROOT";
      };
      "OBJ_70" = {
         isa = "PBXFileReference";
         path = "APIResponse.swift";
         sourceTree = "<group>";
      };
      "OBJ_71" = {
         isa = "PBXFileReference";
         path = "APIService.swift";
         sourceTree = "<group>";
      };
      "OBJ_72" = {
         isa = "PBXGroup";
         children = (
            "OBJ_73",
            "OBJ_74",
            "OBJ_75",
            "OBJ_76",
            "OBJ_77",
         );
         name = "Crypto";
         path = "Crypto";
         sourceTree = "<group>";
      };
      "OBJ_73" = {
         isa = "PBXFileReference";
         path = "BytePacker.swift";
         sourceTree = "<group>";
      };
      "OBJ_74" = {
         isa = "PBXFileReference";
         path = "Crypto.swift";
         sourceTree = "<group>";
      };
      "OBJ_75" = {
         isa = "PBXFileReference";
         path = "MnemonicPassphrase.swift";
         sourceTree = "<group>";
      };
      "OBJ_76" = {
         isa = "PBXFileReference";
         path = "Random.swift";
         sourceTree = "<group>";
      };
      "OBJ_77" = {
         isa = "PBXFileReference";
         path = "SHA256.swift";
         sourceTree = "<group>";
      };
      "OBJ_78" = {
         isa = "PBXGroup";
         children = (
            "OBJ_79",
            "OBJ_100",
            "OBJ_103",
         );
         name = "Tests";
         path = "Tests";
         sourceTree = "SOURCE_ROOT";
      };
      "OBJ_79" = {
         isa = "PBXGroup";
         children = (
            "OBJ_80",
            "OBJ_84",
            "OBJ_87",
            "OBJ_90",
            "OBJ_93",
            "OBJ_95",
         );
         name = "API";
         path = "API";
         sourceTree = "<group>";
      };
      "OBJ_8" = {
         isa = "PBXGroup";
         children = (
            "OBJ_9",
            "OBJ_15",
            "OBJ_21",
            "OBJ_27",
            "OBJ_33",
            "OBJ_41",
            "OBJ_47",
            "OBJ_53",
         );
         name = "API";
         path = "API";
         sourceTree = "<group>";
      };
      "OBJ_80" = {
         isa = "PBXGroup";
         children = (
            "OBJ_81",
            "OBJ_82",
            "OBJ_83",
         );
         name = "Accounts";
         path = "Accounts";
         sourceTree = "<group>";
      };
      "OBJ_81" = {
         isa = "PBXFileReference";
         path = "AccountsAccountTests.swift";
         sourceTree = "<group>";
      };
      "OBJ_82" = {
         isa = "PBXFileReference";
         path = "AccountsOpenTests.swift";
         sourceTree = "<group>";
      };
      "OBJ_83" = {
         isa = "PBXFileReference";
         path = "AccountsPublicKeyTests.swift";
         sourceTree = "<group>";
      };
      "OBJ_84" = {
         isa = "PBXGroup";
         children = (
            "OBJ_85",
            "OBJ_86",
         );
         name = "Blocks";
         path = "Blocks";
         sourceTree = "<group>";
      };
      "OBJ_85" = {
         isa = "PBXFileReference";
         path = "BlocksGetTests.swift";
         sourceTree = "<group>";
      };
      "OBJ_86" = {
         isa = "PBXFileReference";
         path = "BlocksListTests.swift";
         sourceTree = "<group>";
      };
      "OBJ_87" = {
         isa = "PBXGroup";
         children = (
            "OBJ_88",
            "OBJ_89",
         );
         name = "Delegates";
         path = "Delegates";
         sourceTree = "<group>";
      };
      "OBJ_88" = {
         isa = "PBXFileReference";
         path = "DelegatesGetTests.swift";
         sourceTree = "<group>";
      };
      "OBJ_89" = {
         isa = "PBXFileReference";
         path = "DelegatesListTests.swift";
         sourceTree = "<group>";
      };
      "OBJ_9" = {
         isa = "PBXGroup";
         children = (
            "OBJ_10",
            "OBJ_11",
            "OBJ_13",
         );
         name = "Accounts";
         path = "Accounts";
         sourceTree = "<group>";
      };
      "OBJ_90" = {
         isa = "PBXGroup";
         children = (
            "OBJ_91",
            "OBJ_92",
         );
         name = "Peers";
         path = "Peers";
         sourceTree = "<group>";
      };
      "OBJ_91" = {
         isa = "PBXFileReference";
         path = "PeersGetTests.swift";
         sourceTree = "<group>";
      };
      "OBJ_92" = {
         isa = "PBXFileReference";
         path = "PeersListTests.swift";
         sourceTree = "<group>";
      };
      "OBJ_93" = {
         isa = "PBXGroup";
         children = (
            "OBJ_94",
         );
         name = "Signatures";
         path = "Signatures";
         sourceTree = "<group>";
      };
      "OBJ_94" = {
         isa = "PBXFileReference";
         path = "SignaturesRegisterTests.swift";
         sourceTree = "<group>";
      };
      "OBJ_95" = {
         isa = "PBXGroup";
         children = (
            "OBJ_96",
            "OBJ_97",
            "OBJ_98",
            "OBJ_99",
         );
         name = "Transactions";
         path = "Transactions";
         sourceTree = "<group>";
      };
      "OBJ_96" = {
         isa = "PBXFileReference";
         path = "TransactionsGetTests.swift";
         sourceTree = "<group>";
      };
      "OBJ_97" = {
         isa = "PBXFileReference";
         path = "TransactionsListTest.swift";
         sourceTree = "<group>";
      };
      "OBJ_98" = {
         isa = "PBXFileReference";
         path = "TransactionsSigningTest.swift";
         sourceTree = "<group>";
      };
      "OBJ_99" = {
         isa = "PBXFileReference";
         path = "TransactionsTransferTests.swift";
         sourceTree = "<group>";
      };
   };
   rootObject = "OBJ_1";
}
