// !$*UTF8*$!
{
	archiveVersion = 1;
	classes = {
	};
	objectVersion = 46;
	objects = {

/* Begin PBXAggregateTarget section */
		"Lisk::LiskPackageTests::ProductTarget" /* LiskPackageTests */ = {
			isa = PBXAggregateTarget;
			buildConfigurationList = OBJ_228 /* Build configuration list for PBXAggregateTarget "LiskPackageTests" */;
			buildPhases = (
			);
			dependencies = (
				OBJ_231 /* PBXTargetDependency */,
			);
			name = LiskPackageTests;
			productName = LiskPackageTests;
		};
/* End PBXAggregateTarget section */

/* Begin PBXBuildFile section */
		3896F03420AB3B9900069A45 /* WebToken.swift in Sources */ = {isa = PBXBuildFile; fileRef = 3896F03320AB3B9900069A45 /* WebToken.swift */; };
		3896F03620AB421300069A45 /* WebTokenTests.swift in Sources */ = {isa = PBXBuildFile; fileRef = 3896F03520AB421300069A45 /* WebTokenTests.swift */; };
		OBJ_138 /* add_scalar.c in Sources */ = {isa = PBXBuildFile; fileRef = OBJ_108 /* add_scalar.c */; };
		OBJ_139 /* fe.c in Sources */ = {isa = PBXBuildFile; fileRef = OBJ_109 /* fe.c */; };
		OBJ_140 /* ge.c in Sources */ = {isa = PBXBuildFile; fileRef = OBJ_110 /* ge.c */; };
		OBJ_141 /* key_exchange.c in Sources */ = {isa = PBXBuildFile; fileRef = OBJ_111 /* key_exchange.c */; };
		OBJ_142 /* keypair.c in Sources */ = {isa = PBXBuildFile; fileRef = OBJ_112 /* keypair.c */; };
		OBJ_143 /* sc.c in Sources */ = {isa = PBXBuildFile; fileRef = OBJ_113 /* sc.c */; };
		OBJ_144 /* seed.c in Sources */ = {isa = PBXBuildFile; fileRef = OBJ_114 /* seed.c */; };
		OBJ_145 /* sha512.c in Sources */ = {isa = PBXBuildFile; fileRef = OBJ_115 /* sha512.c */; };
		OBJ_146 /* sign.c in Sources */ = {isa = PBXBuildFile; fileRef = OBJ_116 /* sign.c */; };
		OBJ_147 /* verify.c in Sources */ = {isa = PBXBuildFile; fileRef = OBJ_117 /* verify.c */; };
		OBJ_154 /* Error.swift in Sources */ = {isa = PBXBuildFile; fileRef = OBJ_122 /* Error.swift */; };
		OBJ_155 /* KeyPair.swift in Sources */ = {isa = PBXBuildFile; fileRef = OBJ_123 /* KeyPair.swift */; };
		OBJ_156 /* PrivateKey.swift in Sources */ = {isa = PBXBuildFile; fileRef = OBJ_124 /* PrivateKey.swift */; };
		OBJ_157 /* PublicKey.swift in Sources */ = {isa = PBXBuildFile; fileRef = OBJ_125 /* PublicKey.swift */; };
		OBJ_158 /* Seed.swift in Sources */ = {isa = PBXBuildFile; fileRef = OBJ_126 /* Seed.swift */; };
		OBJ_160 /* CEd25519.framework in Frameworks */ = {isa = PBXBuildFile; fileRef = "Ed25519::CEd25519::Product" /* CEd25519.framework */; };
		OBJ_167 /* Package.swift in Sources */ = {isa = PBXBuildFile; fileRef = OBJ_127 /* Package.swift */; };
		OBJ_173 /* Accounts.swift in Sources */ = {isa = PBXBuildFile; fileRef = OBJ_10 /* Accounts.swift */; };
		OBJ_174 /* AccountModel.swift in Sources */ = {isa = PBXBuildFile; fileRef = OBJ_12 /* AccountModel.swift */; };
		OBJ_175 /* AccountsResponse.swift in Sources */ = {isa = PBXBuildFile; fileRef = OBJ_14 /* AccountsResponse.swift */; };
		OBJ_176 /* Blocks.swift in Sources */ = {isa = PBXBuildFile; fileRef = OBJ_16 /* Blocks.swift */; };
		OBJ_177 /* BlockModel.swift in Sources */ = {isa = PBXBuildFile; fileRef = OBJ_18 /* BlockModel.swift */; };
		OBJ_178 /* BlocksResponse.swift in Sources */ = {isa = PBXBuildFile; fileRef = OBJ_20 /* BlocksResponse.swift */; };
		OBJ_179 /* Dapps.swift in Sources */ = {isa = PBXBuildFile; fileRef = OBJ_22 /* Dapps.swift */; };
		OBJ_180 /* DappModel.swift in Sources */ = {isa = PBXBuildFile; fileRef = OBJ_24 /* DappModel.swift */; };
		OBJ_181 /* DappsResponse.swift in Sources */ = {isa = PBXBuildFile; fileRef = OBJ_26 /* DappsResponse.swift */; };
		OBJ_182 /* Delegates.swift in Sources */ = {isa = PBXBuildFile; fileRef = OBJ_28 /* Delegates.swift */; };
		OBJ_183 /* DelegateModel.swift in Sources */ = {isa = PBXBuildFile; fileRef = OBJ_30 /* DelegateModel.swift */; };
		OBJ_184 /* DelegatesResponse.swift in Sources */ = {isa = PBXBuildFile; fileRef = OBJ_32 /* DelegatesResponse.swift */; };
		OBJ_185 /* NodeConstantsModel.swift in Sources */ = {isa = PBXBuildFile; fileRef = OBJ_35 /* NodeConstantsModel.swift */; };
		OBJ_186 /* NodeStatusModel.swift in Sources */ = {isa = PBXBuildFile; fileRef = OBJ_36 /* NodeStatusModel.swift */; };
		OBJ_187 /* Node.swift in Sources */ = {isa = PBXBuildFile; fileRef = OBJ_37 /* Node.swift */; };
		OBJ_188 /* NodeConstantsResponse.swift in Sources */ = {isa = PBXBuildFile; fileRef = OBJ_39 /* NodeConstantsResponse.swift */; };
		OBJ_189 /* NodeStatusResponse.swift in Sources */ = {isa = PBXBuildFile; fileRef = OBJ_40 /* NodeStatusResponse.swift */; };
		OBJ_190 /* PeerModel.swift in Sources */ = {isa = PBXBuildFile; fileRef = OBJ_43 /* PeerModel.swift */; };
		OBJ_191 /* Peers.swift in Sources */ = {isa = PBXBuildFile; fileRef = OBJ_44 /* Peers.swift */; };
		OBJ_192 /* PeersResponse.swift in Sources */ = {isa = PBXBuildFile; fileRef = OBJ_46 /* PeersResponse.swift */; };
		OBJ_193 /* SignatureModel.swift in Sources */ = {isa = PBXBuildFile; fileRef = OBJ_49 /* SignatureModel.swift */; };
		OBJ_194 /* SignatureBroadcastResponse.swift in Sources */ = {isa = PBXBuildFile; fileRef = OBJ_51 /* SignatureBroadcastResponse.swift */; };
		OBJ_195 /* Signatures.swift in Sources */ = {isa = PBXBuildFile; fileRef = OBJ_52 /* Signatures.swift */; };
		OBJ_196 /* LocalTransaction.swift in Sources */ = {isa = PBXBuildFile; fileRef = OBJ_54 /* LocalTransaction.swift */; };
		OBJ_197 /* TransactionModel.swift in Sources */ = {isa = PBXBuildFile; fileRef = OBJ_56 /* TransactionModel.swift */; };
		OBJ_198 /* TransactionBroadcastResponse.swift in Sources */ = {isa = PBXBuildFile; fileRef = OBJ_58 /* TransactionBroadcastResponse.swift */; };
		OBJ_199 /* TransactionsResponse.swift in Sources */ = {isa = PBXBuildFile; fileRef = OBJ_59 /* TransactionsResponse.swift */; };
		OBJ_200 /* Transactions.swift in Sources */ = {isa = PBXBuildFile; fileRef = OBJ_60 /* Transactions.swift */; };
		OBJ_201 /* Constants.swift in Sources */ = {isa = PBXBuildFile; fileRef = OBJ_61 /* Constants.swift */; };
		OBJ_202 /* APIClient.swift in Sources */ = {isa = PBXBuildFile; fileRef = OBJ_63 /* APIClient.swift */; };
		OBJ_203 /* APIError.swift in Sources */ = {isa = PBXBuildFile; fileRef = OBJ_64 /* APIError.swift */; };
		OBJ_204 /* APIModel.swift in Sources */ = {isa = PBXBuildFile; fileRef = OBJ_65 /* APIModel.swift */; };
		OBJ_205 /* APINethash.swift in Sources */ = {isa = PBXBuildFile; fileRef = OBJ_66 /* APINethash.swift */; };
		OBJ_206 /* APINode.swift in Sources */ = {isa = PBXBuildFile; fileRef = OBJ_67 /* APINode.swift */; };
		OBJ_207 /* APIOptions.swift in Sources */ = {isa = PBXBuildFile; fileRef = OBJ_68 /* APIOptions.swift */; };
		OBJ_208 /* APIRequest.swift in Sources */ = {isa = PBXBuildFile; fileRef = OBJ_69 /* APIRequest.swift */; };
		OBJ_209 /* APIResponse.swift in Sources */ = {isa = PBXBuildFile; fileRef = OBJ_70 /* APIResponse.swift */; };
		OBJ_210 /* APIService.swift in Sources */ = {isa = PBXBuildFile; fileRef = OBJ_71 /* APIService.swift */; };
		OBJ_211 /* BytePacker.swift in Sources */ = {isa = PBXBuildFile; fileRef = OBJ_73 /* BytePacker.swift */; };
		OBJ_212 /* Crypto.swift in Sources */ = {isa = PBXBuildFile; fileRef = OBJ_74 /* Crypto.swift */; };
		OBJ_213 /* MnemonicPassphrase.swift in Sources */ = {isa = PBXBuildFile; fileRef = OBJ_75 /* MnemonicPassphrase.swift */; };
		OBJ_214 /* Random.swift in Sources */ = {isa = PBXBuildFile; fileRef = OBJ_76 /* Random.swift */; };
		OBJ_215 /* SHA256.swift in Sources */ = {isa = PBXBuildFile; fileRef = OBJ_77 /* SHA256.swift */; };
		OBJ_217 /* Ed25519.framework in Frameworks */ = {isa = PBXBuildFile; fileRef = "Ed25519::Ed25519::Product" /* Ed25519.framework */; };
		OBJ_218 /* CEd25519.framework in Frameworks */ = {isa = PBXBuildFile; fileRef = "Ed25519::CEd25519::Product" /* CEd25519.framework */; };
		OBJ_226 /* Package.swift in Sources */ = {isa = PBXBuildFile; fileRef = OBJ_6 /* Package.swift */; };
		OBJ_237 /* AccountsAccountTests.swift in Sources */ = {isa = PBXBuildFile; fileRef = OBJ_81 /* AccountsAccountTests.swift */; };
		OBJ_238 /* AccountsOpenTests.swift in Sources */ = {isa = PBXBuildFile; fileRef = OBJ_82 /* AccountsOpenTests.swift */; };
		OBJ_239 /* AccountsPublicKeyTests.swift in Sources */ = {isa = PBXBuildFile; fileRef = OBJ_83 /* AccountsPublicKeyTests.swift */; };
		OBJ_240 /* BlocksGetTests.swift in Sources */ = {isa = PBXBuildFile; fileRef = OBJ_85 /* BlocksGetTests.swift */; };
		OBJ_241 /* BlocksListTests.swift in Sources */ = {isa = PBXBuildFile; fileRef = OBJ_86 /* BlocksListTests.swift */; };
		OBJ_242 /* DelegatesGetTests.swift in Sources */ = {isa = PBXBuildFile; fileRef = OBJ_88 /* DelegatesGetTests.swift */; };
		OBJ_243 /* DelegatesListTests.swift in Sources */ = {isa = PBXBuildFile; fileRef = OBJ_89 /* DelegatesListTests.swift */; };
		OBJ_244 /* PeersGetTests.swift in Sources */ = {isa = PBXBuildFile; fileRef = OBJ_91 /* PeersGetTests.swift */; };
		OBJ_245 /* PeersListTests.swift in Sources */ = {isa = PBXBuildFile; fileRef = OBJ_92 /* PeersListTests.swift */; };
		OBJ_246 /* SignaturesRegisterTests.swift in Sources */ = {isa = PBXBuildFile; fileRef = OBJ_94 /* SignaturesRegisterTests.swift */; };
		OBJ_247 /* TransactionsGetTests.swift in Sources */ = {isa = PBXBuildFile; fileRef = OBJ_96 /* TransactionsGetTests.swift */; };
		OBJ_248 /* TransactionsListTest.swift in Sources */ = {isa = PBXBuildFile; fileRef = OBJ_97 /* TransactionsListTest.swift */; };
		OBJ_249 /* TransactionsSigningTest.swift in Sources */ = {isa = PBXBuildFile; fileRef = OBJ_98 /* TransactionsSigningTest.swift */; };
		OBJ_250 /* TransactionsTransferTests.swift in Sources */ = {isa = PBXBuildFile; fileRef = OBJ_99 /* TransactionsTransferTests.swift */; };
		OBJ_251 /* MnemonicPassphraseTests.swift in Sources */ = {isa = PBXBuildFile; fileRef = OBJ_101 /* MnemonicPassphraseTests.swift */; };
		OBJ_252 /* SignMessageTests.swift in Sources */ = {isa = PBXBuildFile; fileRef = OBJ_102 /* SignMessageTests.swift */; };
		OBJ_253 /* LiskTestCase.swift in Sources */ = {isa = PBXBuildFile; fileRef = OBJ_103 /* LiskTestCase.swift */; };
		OBJ_255 /* Lisk.framework in Frameworks */ = {isa = PBXBuildFile; fileRef = "Lisk::Lisk::Product" /* Lisk.framework */; };
		OBJ_256 /* Ed25519.framework in Frameworks */ = {isa = PBXBuildFile; fileRef = "Ed25519::Ed25519::Product" /* Ed25519.framework */; };
		OBJ_257 /* CEd25519.framework in Frameworks */ = {isa = PBXBuildFile; fileRef = "Ed25519::CEd25519::Product" /* CEd25519.framework */; };
/* End PBXBuildFile section */

/* Begin PBXContainerItemProxy section */
		3896F02C20AB2BF800069A45 /* PBXContainerItemProxy */ = {
			isa = PBXContainerItemProxy;
			containerPortal = OBJ_1 /* Project object */;
			proxyType = 1;
			remoteGlobalIDString = "Ed25519::CEd25519";
			remoteInfo = CEd25519;
		};
		3896F02D20AB2BF800069A45 /* PBXContainerItemProxy */ = {
			isa = PBXContainerItemProxy;
			containerPortal = OBJ_1 /* Project object */;
			proxyType = 1;
			remoteGlobalIDString = "Ed25519::Ed25519";
			remoteInfo = Ed25519;
		};
		3896F02E20AB2BF800069A45 /* PBXContainerItemProxy */ = {
			isa = PBXContainerItemProxy;
			containerPortal = OBJ_1 /* Project object */;
			proxyType = 1;
			remoteGlobalIDString = "Ed25519::CEd25519";
			remoteInfo = CEd25519;
		};
		3896F02F20AB2BF800069A45 /* PBXContainerItemProxy */ = {
			isa = PBXContainerItemProxy;
			containerPortal = OBJ_1 /* Project object */;
			proxyType = 1;
			remoteGlobalIDString = "Lisk::Lisk";
			remoteInfo = Lisk;
		};
		3896F03020AB2BF800069A45 /* PBXContainerItemProxy */ = {
			isa = PBXContainerItemProxy;
			containerPortal = OBJ_1 /* Project object */;
			proxyType = 1;
			remoteGlobalIDString = "Ed25519::Ed25519";
			remoteInfo = Ed25519;
		};
		3896F03120AB2BF800069A45 /* PBXContainerItemProxy */ = {
			isa = PBXContainerItemProxy;
			containerPortal = OBJ_1 /* Project object */;
			proxyType = 1;
			remoteGlobalIDString = "Ed25519::CEd25519";
			remoteInfo = CEd25519;
		};
		3896F03220AB2BF800069A45 /* PBXContainerItemProxy */ = {
			isa = PBXContainerItemProxy;
			containerPortal = OBJ_1 /* Project object */;
			proxyType = 1;
			remoteGlobalIDString = "Lisk::LiskTests";
			remoteInfo = LiskTests;
		};
/* End PBXContainerItemProxy section */

/* Begin PBXFileReference section */
		3896F03320AB3B9900069A45 /* WebToken.swift */ = {isa = PBXFileReference; lastKnownFileType = sourcecode.swift; path = WebToken.swift; sourceTree = "<group>"; };
		3896F03520AB421300069A45 /* WebTokenTests.swift */ = {isa = PBXFileReference; lastKnownFileType = sourcecode.swift; path = WebTokenTests.swift; sourceTree = "<group>"; };
		"Ed25519::CEd25519::Product" /* CEd25519.framework */ = {isa = PBXFileReference; lastKnownFileType = wrapper.framework; path = CEd25519.framework; sourceTree = BUILT_PRODUCTS_DIR; };
		"Ed25519::Ed25519::Product" /* Ed25519.framework */ = {isa = PBXFileReference; lastKnownFileType = wrapper.framework; path = Ed25519.framework; sourceTree = BUILT_PRODUCTS_DIR; };
		"Lisk::Lisk::Product" /* Lisk.framework */ = {isa = PBXFileReference; lastKnownFileType = wrapper.framework; path = Lisk.framework; sourceTree = BUILT_PRODUCTS_DIR; };
		"Lisk::LiskTests::Product" /* LiskTests.xctest */ = {isa = PBXFileReference; lastKnownFileType = file; path = LiskTests.xctest; sourceTree = BUILT_PRODUCTS_DIR; };
		OBJ_10 /* Accounts.swift */ = {isa = PBXFileReference; lastKnownFileType = sourcecode.swift; path = Accounts.swift; sourceTree = "<group>"; };
		OBJ_101 /* MnemonicPassphraseTests.swift */ = {isa = PBXFileReference; lastKnownFileType = sourcecode.swift; path = MnemonicPassphraseTests.swift; sourceTree = "<group>"; };
		OBJ_102 /* SignMessageTests.swift */ = {isa = PBXFileReference; lastKnownFileType = sourcecode.swift; path = SignMessageTests.swift; sourceTree = "<group>"; };
		OBJ_103 /* LiskTestCase.swift */ = {isa = PBXFileReference; lastKnownFileType = sourcecode.swift; path = LiskTestCase.swift; sourceTree = "<group>"; };
		OBJ_104 /* docs */ = {isa = PBXFileReference; lastKnownFileType = folder; path = docs; sourceTree = SOURCE_ROOT; };
		OBJ_108 /* add_scalar.c */ = {isa = PBXFileReference; lastKnownFileType = sourcecode.c.c; path = add_scalar.c; sourceTree = "<group>"; };
		OBJ_109 /* fe.c */ = {isa = PBXFileReference; lastKnownFileType = sourcecode.c.c; path = fe.c; sourceTree = "<group>"; };
		OBJ_110 /* ge.c */ = {isa = PBXFileReference; lastKnownFileType = sourcecode.c.c; path = ge.c; sourceTree = "<group>"; };
		OBJ_111 /* key_exchange.c */ = {isa = PBXFileReference; lastKnownFileType = sourcecode.c.c; path = key_exchange.c; sourceTree = "<group>"; };
		OBJ_112 /* keypair.c */ = {isa = PBXFileReference; lastKnownFileType = sourcecode.c.c; path = keypair.c; sourceTree = "<group>"; };
		OBJ_113 /* sc.c */ = {isa = PBXFileReference; lastKnownFileType = sourcecode.c.c; path = sc.c; sourceTree = "<group>"; };
		OBJ_114 /* seed.c */ = {isa = PBXFileReference; lastKnownFileType = sourcecode.c.c; path = seed.c; sourceTree = "<group>"; };
		OBJ_115 /* sha512.c */ = {isa = PBXFileReference; lastKnownFileType = sourcecode.c.c; path = sha512.c; sourceTree = "<group>"; };
		OBJ_116 /* sign.c */ = {isa = PBXFileReference; lastKnownFileType = sourcecode.c.c; path = sign.c; sourceTree = "<group>"; };
		OBJ_117 /* verify.c */ = {isa = PBXFileReference; lastKnownFileType = sourcecode.c.c; path = verify.c; sourceTree = "<group>"; };
		OBJ_119 /* ed25519.h */ = {isa = PBXFileReference; lastKnownFileType = sourcecode.c.h; path = ed25519.h; sourceTree = "<group>"; };
		OBJ_12 /* AccountModel.swift */ = {isa = PBXFileReference; lastKnownFileType = sourcecode.swift; path = AccountModel.swift; sourceTree = "<group>"; };
		OBJ_120 /* module.modulemap */ = {isa = PBXFileReference; lastKnownFileType = "sourcecode.module-map"; name = module.modulemap; path = "/Users/andrewbarba/Code/Lisk/lisk-swift/Lisk.xcodeproj/GeneratedModuleMap/CEd25519/module.modulemap"; sourceTree = "<group>"; };
		OBJ_122 /* Error.swift */ = {isa = PBXFileReference; lastKnownFileType = sourcecode.swift; path = Error.swift; sourceTree = "<group>"; };
		OBJ_123 /* KeyPair.swift */ = {isa = PBXFileReference; lastKnownFileType = sourcecode.swift; path = KeyPair.swift; sourceTree = "<group>"; };
		OBJ_124 /* PrivateKey.swift */ = {isa = PBXFileReference; lastKnownFileType = sourcecode.swift; path = PrivateKey.swift; sourceTree = "<group>"; };
		OBJ_125 /* PublicKey.swift */ = {isa = PBXFileReference; lastKnownFileType = sourcecode.swift; path = PublicKey.swift; sourceTree = "<group>"; };
		OBJ_126 /* Seed.swift */ = {isa = PBXFileReference; lastKnownFileType = sourcecode.swift; path = Seed.swift; sourceTree = "<group>"; };
		OBJ_127 /* Package.swift */ = {isa = PBXFileReference; explicitFileType = sourcecode.swift; name = Package.swift; path = "/Users/andrewbarba/Code/Lisk/lisk-swift/.build/checkouts/ed25519.git--1962158432852652388/Package.swift"; sourceTree = "<group>"; };
		OBJ_14 /* AccountsResponse.swift */ = {isa = PBXFileReference; lastKnownFileType = sourcecode.swift; path = AccountsResponse.swift; sourceTree = "<group>"; };
		OBJ_16 /* Blocks.swift */ = {isa = PBXFileReference; lastKnownFileType = sourcecode.swift; path = Blocks.swift; sourceTree = "<group>"; };
		OBJ_18 /* BlockModel.swift */ = {isa = PBXFileReference; lastKnownFileType = sourcecode.swift; path = BlockModel.swift; sourceTree = "<group>"; };
		OBJ_20 /* BlocksResponse.swift */ = {isa = PBXFileReference; lastKnownFileType = sourcecode.swift; path = BlocksResponse.swift; sourceTree = "<group>"; };
		OBJ_22 /* Dapps.swift */ = {isa = PBXFileReference; lastKnownFileType = sourcecode.swift; path = Dapps.swift; sourceTree = "<group>"; };
		OBJ_24 /* DappModel.swift */ = {isa = PBXFileReference; lastKnownFileType = sourcecode.swift; path = DappModel.swift; sourceTree = "<group>"; };
		OBJ_26 /* DappsResponse.swift */ = {isa = PBXFileReference; lastKnownFileType = sourcecode.swift; path = DappsResponse.swift; sourceTree = "<group>"; };
		OBJ_28 /* Delegates.swift */ = {isa = PBXFileReference; lastKnownFileType = sourcecode.swift; path = Delegates.swift; sourceTree = "<group>"; };
		OBJ_30 /* DelegateModel.swift */ = {isa = PBXFileReference; lastKnownFileType = sourcecode.swift; path = DelegateModel.swift; sourceTree = "<group>"; };
		OBJ_32 /* DelegatesResponse.swift */ = {isa = PBXFileReference; lastKnownFileType = sourcecode.swift; path = DelegatesResponse.swift; sourceTree = "<group>"; };
		OBJ_35 /* NodeConstantsModel.swift */ = {isa = PBXFileReference; lastKnownFileType = sourcecode.swift; path = NodeConstantsModel.swift; sourceTree = "<group>"; };
		OBJ_36 /* NodeStatusModel.swift */ = {isa = PBXFileReference; lastKnownFileType = sourcecode.swift; path = NodeStatusModel.swift; sourceTree = "<group>"; };
		OBJ_37 /* Node.swift */ = {isa = PBXFileReference; lastKnownFileType = sourcecode.swift; path = Node.swift; sourceTree = "<group>"; };
		OBJ_39 /* NodeConstantsResponse.swift */ = {isa = PBXFileReference; lastKnownFileType = sourcecode.swift; path = NodeConstantsResponse.swift; sourceTree = "<group>"; };
		OBJ_40 /* NodeStatusResponse.swift */ = {isa = PBXFileReference; lastKnownFileType = sourcecode.swift; path = NodeStatusResponse.swift; sourceTree = "<group>"; };
		OBJ_43 /* PeerModel.swift */ = {isa = PBXFileReference; lastKnownFileType = sourcecode.swift; path = PeerModel.swift; sourceTree = "<group>"; };
		OBJ_44 /* Peers.swift */ = {isa = PBXFileReference; lastKnownFileType = sourcecode.swift; path = Peers.swift; sourceTree = "<group>"; };
		OBJ_46 /* PeersResponse.swift */ = {isa = PBXFileReference; lastKnownFileType = sourcecode.swift; path = PeersResponse.swift; sourceTree = "<group>"; };
		OBJ_49 /* SignatureModel.swift */ = {isa = PBXFileReference; lastKnownFileType = sourcecode.swift; path = SignatureModel.swift; sourceTree = "<group>"; };
		OBJ_51 /* SignatureBroadcastResponse.swift */ = {isa = PBXFileReference; lastKnownFileType = sourcecode.swift; path = SignatureBroadcastResponse.swift; sourceTree = "<group>"; };
		OBJ_52 /* Signatures.swift */ = {isa = PBXFileReference; lastKnownFileType = sourcecode.swift; path = Signatures.swift; sourceTree = "<group>"; };
		OBJ_54 /* LocalTransaction.swift */ = {isa = PBXFileReference; lastKnownFileType = sourcecode.swift; path = LocalTransaction.swift; sourceTree = "<group>"; };
		OBJ_56 /* TransactionModel.swift */ = {isa = PBXFileReference; lastKnownFileType = sourcecode.swift; path = TransactionModel.swift; sourceTree = "<group>"; };
		OBJ_58 /* TransactionBroadcastResponse.swift */ = {isa = PBXFileReference; lastKnownFileType = sourcecode.swift; path = TransactionBroadcastResponse.swift; sourceTree = "<group>"; };
		OBJ_59 /* TransactionsResponse.swift */ = {isa = PBXFileReference; lastKnownFileType = sourcecode.swift; path = TransactionsResponse.swift; sourceTree = "<group>"; };
		OBJ_6 /* Package.swift */ = {isa = PBXFileReference; explicitFileType = sourcecode.swift; path = Package.swift; sourceTree = "<group>"; };
		OBJ_60 /* Transactions.swift */ = {isa = PBXFileReference; lastKnownFileType = sourcecode.swift; path = Transactions.swift; sourceTree = "<group>"; };
		OBJ_61 /* Constants.swift */ = {isa = PBXFileReference; lastKnownFileType = sourcecode.swift; path = Constants.swift; sourceTree = "<group>"; };
		OBJ_63 /* APIClient.swift */ = {isa = PBXFileReference; lastKnownFileType = sourcecode.swift; path = APIClient.swift; sourceTree = "<group>"; };
		OBJ_64 /* APIError.swift */ = {isa = PBXFileReference; lastKnownFileType = sourcecode.swift; path = APIError.swift; sourceTree = "<group>"; };
		OBJ_65 /* APIModel.swift */ = {isa = PBXFileReference; lastKnownFileType = sourcecode.swift; path = APIModel.swift; sourceTree = "<group>"; };
		OBJ_66 /* APINethash.swift */ = {isa = PBXFileReference; lastKnownFileType = sourcecode.swift; path = APINethash.swift; sourceTree = "<group>"; };
		OBJ_67 /* APINode.swift */ = {isa = PBXFileReference; lastKnownFileType = sourcecode.swift; path = APINode.swift; sourceTree = "<group>"; };
		OBJ_68 /* APIOptions.swift */ = {isa = PBXFileReference; lastKnownFileType = sourcecode.swift; path = APIOptions.swift; sourceTree = "<group>"; };
		OBJ_69 /* APIRequest.swift */ = {isa = PBXFileReference; lastKnownFileType = sourcecode.swift; path = APIRequest.swift; sourceTree = "<group>"; };
		OBJ_70 /* APIResponse.swift */ = {isa = PBXFileReference; lastKnownFileType = sourcecode.swift; path = APIResponse.swift; sourceTree = "<group>"; };
		OBJ_71 /* APIService.swift */ = {isa = PBXFileReference; lastKnownFileType = sourcecode.swift; path = APIService.swift; sourceTree = "<group>"; };
		OBJ_73 /* BytePacker.swift */ = {isa = PBXFileReference; lastKnownFileType = sourcecode.swift; path = BytePacker.swift; sourceTree = "<group>"; };
		OBJ_74 /* Crypto.swift */ = {isa = PBXFileReference; lastKnownFileType = sourcecode.swift; path = Crypto.swift; sourceTree = "<group>"; };
		OBJ_75 /* MnemonicPassphrase.swift */ = {isa = PBXFileReference; lastKnownFileType = sourcecode.swift; path = MnemonicPassphrase.swift; sourceTree = "<group>"; };
		OBJ_76 /* Random.swift */ = {isa = PBXFileReference; lastKnownFileType = sourcecode.swift; path = Random.swift; sourceTree = "<group>"; };
		OBJ_77 /* SHA256.swift */ = {isa = PBXFileReference; lastKnownFileType = sourcecode.swift; path = SHA256.swift; sourceTree = "<group>"; };
		OBJ_81 /* AccountsAccountTests.swift */ = {isa = PBXFileReference; lastKnownFileType = sourcecode.swift; path = AccountsAccountTests.swift; sourceTree = "<group>"; };
		OBJ_82 /* AccountsOpenTests.swift */ = {isa = PBXFileReference; lastKnownFileType = sourcecode.swift; path = AccountsOpenTests.swift; sourceTree = "<group>"; };
		OBJ_83 /* AccountsPublicKeyTests.swift */ = {isa = PBXFileReference; lastKnownFileType = sourcecode.swift; path = AccountsPublicKeyTests.swift; sourceTree = "<group>"; };
		OBJ_85 /* BlocksGetTests.swift */ = {isa = PBXFileReference; lastKnownFileType = sourcecode.swift; path = BlocksGetTests.swift; sourceTree = "<group>"; };
		OBJ_86 /* BlocksListTests.swift */ = {isa = PBXFileReference; lastKnownFileType = sourcecode.swift; path = BlocksListTests.swift; sourceTree = "<group>"; };
		OBJ_88 /* DelegatesGetTests.swift */ = {isa = PBXFileReference; lastKnownFileType = sourcecode.swift; path = DelegatesGetTests.swift; sourceTree = "<group>"; };
		OBJ_89 /* DelegatesListTests.swift */ = {isa = PBXFileReference; lastKnownFileType = sourcecode.swift; path = DelegatesListTests.swift; sourceTree = "<group>"; };
		OBJ_91 /* PeersGetTests.swift */ = {isa = PBXFileReference; lastKnownFileType = sourcecode.swift; path = PeersGetTests.swift; sourceTree = "<group>"; };
		OBJ_92 /* PeersListTests.swift */ = {isa = PBXFileReference; lastKnownFileType = sourcecode.swift; path = PeersListTests.swift; sourceTree = "<group>"; };
		OBJ_94 /* SignaturesRegisterTests.swift */ = {isa = PBXFileReference; lastKnownFileType = sourcecode.swift; path = SignaturesRegisterTests.swift; sourceTree = "<group>"; };
		OBJ_96 /* TransactionsGetTests.swift */ = {isa = PBXFileReference; lastKnownFileType = sourcecode.swift; path = TransactionsGetTests.swift; sourceTree = "<group>"; };
		OBJ_97 /* TransactionsListTest.swift */ = {isa = PBXFileReference; lastKnownFileType = sourcecode.swift; path = TransactionsListTest.swift; sourceTree = "<group>"; };
		OBJ_98 /* TransactionsSigningTest.swift */ = {isa = PBXFileReference; lastKnownFileType = sourcecode.swift; path = TransactionsSigningTest.swift; sourceTree = "<group>"; };
		OBJ_99 /* TransactionsTransferTests.swift */ = {isa = PBXFileReference; lastKnownFileType = sourcecode.swift; path = TransactionsTransferTests.swift; sourceTree = "<group>"; };
/* End PBXFileReference section */

/* Begin PBXFrameworksBuildPhase section */
		OBJ_148 /* Frameworks */ = {
			isa = PBXFrameworksBuildPhase;
			buildActionMask = 0;
			files = (
			);
			runOnlyForDeploymentPostprocessing = 0;
		};
		OBJ_159 /* Frameworks */ = {
			isa = PBXFrameworksBuildPhase;
			buildActionMask = 0;
			files = (
				OBJ_160 /* CEd25519.framework in Frameworks */,
			);
			runOnlyForDeploymentPostprocessing = 0;
		};
		OBJ_216 /* Frameworks */ = {
			isa = PBXFrameworksBuildPhase;
			buildActionMask = 0;
			files = (
				OBJ_217 /* Ed25519.framework in Frameworks */,
				OBJ_218 /* CEd25519.framework in Frameworks */,
			);
			runOnlyForDeploymentPostprocessing = 0;
		};
		OBJ_254 /* Frameworks */ = {
			isa = PBXFrameworksBuildPhase;
			buildActionMask = 0;
			files = (
				OBJ_255 /* Lisk.framework in Frameworks */,
				OBJ_256 /* Ed25519.framework in Frameworks */,
				OBJ_257 /* CEd25519.framework in Frameworks */,
			);
			runOnlyForDeploymentPostprocessing = 0;
		};
/* End PBXFrameworksBuildPhase section */

/* Begin PBXGroup section */
		OBJ_100 /* Crypto */ = {
			isa = PBXGroup;
			children = (
				OBJ_101 /* MnemonicPassphraseTests.swift */,
				OBJ_102 /* SignMessageTests.swift */,
				3896F03520AB421300069A45 /* WebTokenTests.swift */,
			);
			path = Crypto;
			sourceTree = "<group>";
		};
		OBJ_105 /* Dependencies */ = {
			isa = PBXGroup;
			children = (
				OBJ_106 /* Ed25519 1.1.0 */,
			);
			name = Dependencies;
			sourceTree = "<group>";
		};
		OBJ_106 /* Ed25519 1.1.0 */ = {
			isa = PBXGroup;
			children = (
				OBJ_107 /* CEd25519 */,
				OBJ_121 /* Ed25519 */,
				OBJ_127 /* Package.swift */,
			);
			name = "Ed25519 1.1.0";
			sourceTree = SOURCE_ROOT;
		};
		OBJ_107 /* CEd25519 */ = {
			isa = PBXGroup;
			children = (
				OBJ_108 /* add_scalar.c */,
				OBJ_109 /* fe.c */,
				OBJ_110 /* ge.c */,
				OBJ_111 /* key_exchange.c */,
				OBJ_112 /* keypair.c */,
				OBJ_113 /* sc.c */,
				OBJ_114 /* seed.c */,
				OBJ_115 /* sha512.c */,
				OBJ_116 /* sign.c */,
				OBJ_117 /* verify.c */,
				OBJ_118 /* include */,
			);
			name = CEd25519;
			path = ".build/checkouts/ed25519.git--1962158432852652388/Sources/CEd25519";
			sourceTree = SOURCE_ROOT;
		};
		OBJ_11 /* Models */ = {
			isa = PBXGroup;
			children = (
				OBJ_12 /* AccountModel.swift */,
			);
			path = Models;
			sourceTree = "<group>";
		};
		OBJ_118 /* include */ = {
			isa = PBXGroup;
			children = (
				OBJ_119 /* ed25519.h */,
				OBJ_120 /* module.modulemap */,
			);
			path = include;
			sourceTree = "<group>";
		};
		OBJ_121 /* Ed25519 */ = {
			isa = PBXGroup;
			children = (
				OBJ_122 /* Error.swift */,
				OBJ_123 /* KeyPair.swift */,
				OBJ_124 /* PrivateKey.swift */,
				OBJ_125 /* PublicKey.swift */,
				OBJ_126 /* Seed.swift */,
			);
			name = Ed25519;
			path = ".build/checkouts/ed25519.git--1962158432852652388/Sources/Ed25519";
			sourceTree = SOURCE_ROOT;
		};
		OBJ_128 /* Products */ = {
			isa = PBXGroup;
			children = (
				"Ed25519::Ed25519::Product" /* Ed25519.framework */,
				"Ed25519::CEd25519::Product" /* CEd25519.framework */,
				"Lisk::Lisk::Product" /* Lisk.framework */,
				"Lisk::LiskTests::Product" /* LiskTests.xctest */,
			);
			name = Products;
			sourceTree = BUILT_PRODUCTS_DIR;
		};
		OBJ_13 /* Responses */ = {
			isa = PBXGroup;
			children = (
				OBJ_14 /* AccountsResponse.swift */,
			);
			path = Responses;
			sourceTree = "<group>";
		};
		OBJ_15 /* Blocks */ = {
			isa = PBXGroup;
			children = (
				OBJ_16 /* Blocks.swift */,
				OBJ_17 /* Models */,
				OBJ_19 /* Responses */,
			);
			path = Blocks;
			sourceTree = "<group>";
		};
		OBJ_17 /* Models */ = {
			isa = PBXGroup;
			children = (
				OBJ_18 /* BlockModel.swift */,
			);
			path = Models;
			sourceTree = "<group>";
		};
		OBJ_19 /* Responses */ = {
			isa = PBXGroup;
			children = (
				OBJ_20 /* BlocksResponse.swift */,
			);
			path = Responses;
			sourceTree = "<group>";
		};
		OBJ_21 /* Dapps */ = {
			isa = PBXGroup;
			children = (
				OBJ_22 /* Dapps.swift */,
				OBJ_23 /* Models */,
				OBJ_25 /* Responses */,
			);
			path = Dapps;
			sourceTree = "<group>";
		};
		OBJ_23 /* Models */ = {
			isa = PBXGroup;
			children = (
				OBJ_24 /* DappModel.swift */,
			);
			path = Models;
			sourceTree = "<group>";
		};
		OBJ_25 /* Responses */ = {
			isa = PBXGroup;
			children = (
				OBJ_26 /* DappsResponse.swift */,
			);
			path = Responses;
			sourceTree = "<group>";
		};
		OBJ_27 /* Delegates */ = {
			isa = PBXGroup;
			children = (
				OBJ_28 /* Delegates.swift */,
				OBJ_29 /* Models */,
				OBJ_31 /* Responses */,
			);
			path = Delegates;
			sourceTree = "<group>";
		};
		OBJ_29 /* Models */ = {
			isa = PBXGroup;
			children = (
				OBJ_30 /* DelegateModel.swift */,
			);
			path = Models;
			sourceTree = "<group>";
		};
		OBJ_31 /* Responses */ = {
			isa = PBXGroup;
			children = (
				OBJ_32 /* DelegatesResponse.swift */,
			);
			path = Responses;
			sourceTree = "<group>";
		};
		OBJ_33 /* Node */ = {
			isa = PBXGroup;
			children = (
				OBJ_34 /* Models */,
				OBJ_37 /* Node.swift */,
				OBJ_38 /* Responses */,
			);
			path = Node;
			sourceTree = "<group>";
		};
		OBJ_34 /* Models */ = {
			isa = PBXGroup;
			children = (
				OBJ_35 /* NodeConstantsModel.swift */,
				OBJ_36 /* NodeStatusModel.swift */,
			);
			path = Models;
			sourceTree = "<group>";
		};
		OBJ_38 /* Responses */ = {
			isa = PBXGroup;
			children = (
				OBJ_39 /* NodeConstantsResponse.swift */,
				OBJ_40 /* NodeStatusResponse.swift */,
			);
			path = Responses;
			sourceTree = "<group>";
		};
		OBJ_41 /* Peers */ = {
			isa = PBXGroup;
			children = (
				OBJ_42 /* Models */,
				OBJ_44 /* Peers.swift */,
				OBJ_45 /* Responses */,
			);
			path = Peers;
			sourceTree = "<group>";
		};
		OBJ_42 /* Models */ = {
			isa = PBXGroup;
			children = (
				OBJ_43 /* PeerModel.swift */,
			);
			path = Models;
			sourceTree = "<group>";
		};
		OBJ_45 /* Responses */ = {
			isa = PBXGroup;
			children = (
				OBJ_46 /* PeersResponse.swift */,
			);
			path = Responses;
			sourceTree = "<group>";
		};
		OBJ_47 /* Signatures */ = {
			isa = PBXGroup;
			children = (
				OBJ_48 /* Models */,
				OBJ_50 /* Responses */,
				OBJ_52 /* Signatures.swift */,
			);
			path = Signatures;
			sourceTree = "<group>";
		};
		OBJ_48 /* Models */ = {
			isa = PBXGroup;
			children = (
				OBJ_49 /* SignatureModel.swift */,
			);
			path = Models;
			sourceTree = "<group>";
		};
		OBJ_5 /*  */ = {
			isa = PBXGroup;
			children = (
				OBJ_6 /* Package.swift */,
				OBJ_7 /* Sources */,
				OBJ_78 /* Tests */,
				OBJ_104 /* docs */,
				OBJ_105 /* Dependencies */,
				OBJ_128 /* Products */,
			);
			name = "";
			sourceTree = "<group>";
		};
		OBJ_50 /* Responses */ = {
			isa = PBXGroup;
			children = (
				OBJ_51 /* SignatureBroadcastResponse.swift */,
			);
			path = Responses;
			sourceTree = "<group>";
		};
		OBJ_53 /* Transactions */ = {
			isa = PBXGroup;
			children = (
				OBJ_54 /* LocalTransaction.swift */,
				OBJ_55 /* Models */,
				OBJ_57 /* Responses */,
				OBJ_60 /* Transactions.swift */,
			);
			path = Transactions;
			sourceTree = "<group>";
		};
		OBJ_55 /* Models */ = {
			isa = PBXGroup;
			children = (
				OBJ_56 /* TransactionModel.swift */,
			);
			path = Models;
			sourceTree = "<group>";
		};
		OBJ_57 /* Responses */ = {
			isa = PBXGroup;
			children = (
				OBJ_58 /* TransactionBroadcastResponse.swift */,
				OBJ_59 /* TransactionsResponse.swift */,
			);
			path = Responses;
			sourceTree = "<group>";
		};
		OBJ_62 /* Core */ = {
			isa = PBXGroup;
			children = (
				OBJ_63 /* APIClient.swift */,
				OBJ_64 /* APIError.swift */,
				OBJ_65 /* APIModel.swift */,
				OBJ_66 /* APINethash.swift */,
				OBJ_67 /* APINode.swift */,
				OBJ_68 /* APIOptions.swift */,
				OBJ_69 /* APIRequest.swift */,
				OBJ_70 /* APIResponse.swift */,
				OBJ_71 /* APIService.swift */,
			);
			path = Core;
			sourceTree = "<group>";
		};
		OBJ_7 /* Sources */ = {
			isa = PBXGroup;
			children = (
				OBJ_8 /* API */,
				OBJ_61 /* Constants.swift */,
				OBJ_62 /* Core */,
				OBJ_72 /* Crypto */,
			);
			path = Sources;
			sourceTree = SOURCE_ROOT;
		};
		OBJ_72 /* Crypto */ = {
			isa = PBXGroup;
			children = (
				OBJ_73 /* BytePacker.swift */,
				OBJ_74 /* Crypto.swift */,
				OBJ_75 /* MnemonicPassphrase.swift */,
				OBJ_76 /* Random.swift */,
				OBJ_77 /* SHA256.swift */,
				3896F03320AB3B9900069A45 /* WebToken.swift */,
			);
			path = Crypto;
			sourceTree = "<group>";
		};
		OBJ_78 /* Tests */ = {
			isa = PBXGroup;
			children = (
				OBJ_79 /* API */,
				OBJ_100 /* Crypto */,
				OBJ_103 /* LiskTestCase.swift */,
			);
			path = Tests;
			sourceTree = SOURCE_ROOT;
		};
		OBJ_79 /* API */ = {
			isa = PBXGroup;
			children = (
				OBJ_80 /* Accounts */,
				OBJ_84 /* Blocks */,
				OBJ_87 /* Delegates */,
				OBJ_90 /* Peers */,
				OBJ_93 /* Signatures */,
				OBJ_95 /* Transactions */,
			);
			path = API;
			sourceTree = "<group>";
		};
		OBJ_8 /* API */ = {
			isa = PBXGroup;
			children = (
				OBJ_9 /* Accounts */,
				OBJ_15 /* Blocks */,
				OBJ_21 /* Dapps */,
				OBJ_27 /* Delegates */,
				OBJ_33 /* Node */,
				OBJ_41 /* Peers */,
				OBJ_47 /* Signatures */,
				OBJ_53 /* Transactions */,
			);
			path = API;
			sourceTree = "<group>";
		};
		OBJ_80 /* Accounts */ = {
			isa = PBXGroup;
			children = (
				OBJ_81 /* AccountsAccountTests.swift */,
				OBJ_82 /* AccountsOpenTests.swift */,
				OBJ_83 /* AccountsPublicKeyTests.swift */,
			);
			path = Accounts;
			sourceTree = "<group>";
		};
		OBJ_84 /* Blocks */ = {
			isa = PBXGroup;
			children = (
				OBJ_85 /* BlocksGetTests.swift */,
				OBJ_86 /* BlocksListTests.swift */,
			);
			path = Blocks;
			sourceTree = "<group>";
		};
		OBJ_87 /* Delegates */ = {
			isa = PBXGroup;
			children = (
				OBJ_88 /* DelegatesGetTests.swift */,
				OBJ_89 /* DelegatesListTests.swift */,
			);
			path = Delegates;
			sourceTree = "<group>";
		};
		OBJ_9 /* Accounts */ = {
			isa = PBXGroup;
			children = (
				OBJ_10 /* Accounts.swift */,
				OBJ_11 /* Models */,
				OBJ_13 /* Responses */,
			);
			path = Accounts;
			sourceTree = "<group>";
		};
		OBJ_90 /* Peers */ = {
			isa = PBXGroup;
			children = (
				OBJ_91 /* PeersGetTests.swift */,
				OBJ_92 /* PeersListTests.swift */,
			);
			path = Peers;
			sourceTree = "<group>";
		};
		OBJ_93 /* Signatures */ = {
			isa = PBXGroup;
			children = (
				OBJ_94 /* SignaturesRegisterTests.swift */,
			);
			path = Signatures;
			sourceTree = "<group>";
		};
		OBJ_95 /* Transactions */ = {
			isa = PBXGroup;
			children = (
				OBJ_96 /* TransactionsGetTests.swift */,
				OBJ_97 /* TransactionsListTest.swift */,
				OBJ_98 /* TransactionsSigningTest.swift */,
				OBJ_99 /* TransactionsTransferTests.swift */,
			);
			path = Transactions;
			sourceTree = "<group>";
		};
/* End PBXGroup section */

/* Begin PBXNativeTarget section */
		"Ed25519::CEd25519" /* CEd25519 */ = {
			isa = PBXNativeTarget;
			buildConfigurationList = OBJ_134 /* Build configuration list for PBXNativeTarget "CEd25519" */;
			buildPhases = (
				OBJ_137 /* Sources */,
				OBJ_148 /* Frameworks */,
			);
			buildRules = (
			);
			dependencies = (
			);
			name = CEd25519;
			productName = CEd25519;
			productReference = "Ed25519::CEd25519::Product" /* CEd25519.framework */;
			productType = "com.apple.product-type.framework";
		};
		"Ed25519::Ed25519" /* Ed25519 */ = {
			isa = PBXNativeTarget;
			buildConfigurationList = OBJ_150 /* Build configuration list for PBXNativeTarget "Ed25519" */;
			buildPhases = (
				OBJ_153 /* Sources */,
				OBJ_159 /* Frameworks */,
			);
			buildRules = (
			);
			dependencies = (
				OBJ_161 /* PBXTargetDependency */,
			);
			name = Ed25519;
			productName = Ed25519;
			productReference = "Ed25519::Ed25519::Product" /* Ed25519.framework */;
			productType = "com.apple.product-type.framework";
		};
		"Ed25519::SwiftPMPackageDescription" /* Ed25519PackageDescription */ = {
			isa = PBXNativeTarget;
			buildConfigurationList = OBJ_163 /* Build configuration list for PBXNativeTarget "Ed25519PackageDescription" */;
			buildPhases = (
				OBJ_166 /* Sources */,
			);
			buildRules = (
			);
			dependencies = (
			);
			name = Ed25519PackageDescription;
			productName = Ed25519PackageDescription;
			productType = "com.apple.product-type.framework";
		};
		"Lisk::Lisk" /* Lisk */ = {
			isa = PBXNativeTarget;
			buildConfigurationList = OBJ_169 /* Build configuration list for PBXNativeTarget "Lisk" */;
			buildPhases = (
				OBJ_172 /* Sources */,
				OBJ_216 /* Frameworks */,
			);
			buildRules = (
			);
			dependencies = (
				OBJ_219 /* PBXTargetDependency */,
				OBJ_220 /* PBXTargetDependency */,
			);
			name = Lisk;
			productName = Lisk;
			productReference = "Lisk::Lisk::Product" /* Lisk.framework */;
			productType = "com.apple.product-type.framework";
		};
		"Lisk::LiskTests" /* LiskTests */ = {
			isa = PBXNativeTarget;
			buildConfigurationList = OBJ_233 /* Build configuration list for PBXNativeTarget "LiskTests" */;
			buildPhases = (
				OBJ_236 /* Sources */,
				OBJ_254 /* Frameworks */,
			);
			buildRules = (
			);
			dependencies = (
				OBJ_258 /* PBXTargetDependency */,
				OBJ_259 /* PBXTargetDependency */,
				OBJ_260 /* PBXTargetDependency */,
			);
			name = LiskTests;
			productName = LiskTests;
			productReference = "Lisk::LiskTests::Product" /* LiskTests.xctest */;
			productType = "com.apple.product-type.bundle.unit-test";
		};
		"Lisk::SwiftPMPackageDescription" /* LiskPackageDescription */ = {
			isa = PBXNativeTarget;
			buildConfigurationList = OBJ_222 /* Build configuration list for PBXNativeTarget "LiskPackageDescription" */;
			buildPhases = (
				OBJ_225 /* Sources */,
			);
			buildRules = (
			);
			dependencies = (
			);
			name = LiskPackageDescription;
			productName = LiskPackageDescription;
			productType = "com.apple.product-type.framework";
		};
/* End PBXNativeTarget section */

/* Begin PBXProject section */
		OBJ_1 /* Project object */ = {
			isa = PBXProject;
			attributes = {
				LastUpgradeCheck = 9999;
			};
			buildConfigurationList = OBJ_2 /* Build configuration list for PBXProject "Lisk" */;
			compatibilityVersion = "Xcode 3.2";
			developmentRegion = English;
			hasScannedForEncodings = 0;
			knownRegions = (
				en,
			);
			mainGroup = OBJ_5 /*  */;
			productRefGroup = OBJ_128 /* Products */;
			projectDirPath = "";
			projectRoot = "";
			targets = (
				"Ed25519::CEd25519" /* CEd25519 */,
				"Ed25519::Ed25519" /* Ed25519 */,
				"Ed25519::SwiftPMPackageDescription" /* Ed25519PackageDescription */,
				"Lisk::Lisk" /* Lisk */,
				"Lisk::SwiftPMPackageDescription" /* LiskPackageDescription */,
				"Lisk::LiskPackageTests::ProductTarget" /* LiskPackageTests */,
				"Lisk::LiskTests" /* LiskTests */,
			);
		};
/* End PBXProject section */

/* Begin PBXSourcesBuildPhase section */
		OBJ_137 /* Sources */ = {
			isa = PBXSourcesBuildPhase;
			buildActionMask = 0;
			files = (
				OBJ_138 /* add_scalar.c in Sources */,
				OBJ_139 /* fe.c in Sources */,
				OBJ_140 /* ge.c in Sources */,
				OBJ_141 /* key_exchange.c in Sources */,
				OBJ_142 /* keypair.c in Sources */,
				OBJ_143 /* sc.c in Sources */,
				OBJ_144 /* seed.c in Sources */,
				OBJ_145 /* sha512.c in Sources */,
				OBJ_146 /* sign.c in Sources */,
				OBJ_147 /* verify.c in Sources */,
			);
			runOnlyForDeploymentPostprocessing = 0;
		};
		OBJ_153 /* Sources */ = {
			isa = PBXSourcesBuildPhase;
			buildActionMask = 0;
			files = (
				OBJ_154 /* Error.swift in Sources */,
				OBJ_155 /* KeyPair.swift in Sources */,
				OBJ_156 /* PrivateKey.swift in Sources */,
				OBJ_157 /* PublicKey.swift in Sources */,
				OBJ_158 /* Seed.swift in Sources */,
			);
			runOnlyForDeploymentPostprocessing = 0;
		};
		OBJ_166 /* Sources */ = {
			isa = PBXSourcesBuildPhase;
			buildActionMask = 0;
			files = (
				OBJ_167 /* Package.swift in Sources */,
			);
			runOnlyForDeploymentPostprocessing = 0;
		};
		OBJ_172 /* Sources */ = {
			isa = PBXSourcesBuildPhase;
			buildActionMask = 0;
			files = (
				OBJ_173 /* Accounts.swift in Sources */,
				OBJ_174 /* AccountModel.swift in Sources */,
				OBJ_175 /* AccountsResponse.swift in Sources */,
				OBJ_176 /* Blocks.swift in Sources */,
				OBJ_177 /* BlockModel.swift in Sources */,
				OBJ_178 /* BlocksResponse.swift in Sources */,
				OBJ_179 /* Dapps.swift in Sources */,
				OBJ_180 /* DappModel.swift in Sources */,
				OBJ_181 /* DappsResponse.swift in Sources */,
				OBJ_182 /* Delegates.swift in Sources */,
				OBJ_183 /* DelegateModel.swift in Sources */,
				OBJ_184 /* DelegatesResponse.swift in Sources */,
				OBJ_185 /* NodeConstantsModel.swift in Sources */,
				OBJ_186 /* NodeStatusModel.swift in Sources */,
				OBJ_187 /* Node.swift in Sources */,
				OBJ_188 /* NodeConstantsResponse.swift in Sources */,
				OBJ_189 /* NodeStatusResponse.swift in Sources */,
				OBJ_190 /* PeerModel.swift in Sources */,
				OBJ_191 /* Peers.swift in Sources */,
				OBJ_192 /* PeersResponse.swift in Sources */,
				OBJ_193 /* SignatureModel.swift in Sources */,
				OBJ_194 /* SignatureBroadcastResponse.swift in Sources */,
				OBJ_195 /* Signatures.swift in Sources */,
				OBJ_196 /* LocalTransaction.swift in Sources */,
				OBJ_197 /* TransactionModel.swift in Sources */,
				OBJ_198 /* TransactionBroadcastResponse.swift in Sources */,
				OBJ_199 /* TransactionsResponse.swift in Sources */,
				OBJ_200 /* Transactions.swift in Sources */,
				OBJ_201 /* Constants.swift in Sources */,
				OBJ_202 /* APIClient.swift in Sources */,
				OBJ_203 /* APIError.swift in Sources */,
				OBJ_204 /* APIModel.swift in Sources */,
				3896F03420AB3B9900069A45 /* WebToken.swift in Sources */,
				OBJ_205 /* APINethash.swift in Sources */,
				OBJ_206 /* APINode.swift in Sources */,
				OBJ_207 /* APIOptions.swift in Sources */,
				OBJ_208 /* APIRequest.swift in Sources */,
				OBJ_209 /* APIResponse.swift in Sources */,
				OBJ_210 /* APIService.swift in Sources */,
				OBJ_211 /* BytePacker.swift in Sources */,
				OBJ_212 /* Crypto.swift in Sources */,
				OBJ_213 /* MnemonicPassphrase.swift in Sources */,
				OBJ_214 /* Random.swift in Sources */,
				OBJ_215 /* SHA256.swift in Sources */,
			);
			runOnlyForDeploymentPostprocessing = 0;
		};
		OBJ_225 /* Sources */ = {
			isa = PBXSourcesBuildPhase;
			buildActionMask = 0;
			files = (
				OBJ_226 /* Package.swift in Sources */,
			);
			runOnlyForDeploymentPostprocessing = 0;
		};
		OBJ_236 /* Sources */ = {
			isa = PBXSourcesBuildPhase;
			buildActionMask = 0;
			files = (
				OBJ_237 /* AccountsAccountTests.swift in Sources */,
				OBJ_238 /* AccountsOpenTests.swift in Sources */,
				3896F03620AB421300069A45 /* WebTokenTests.swift in Sources */,
				OBJ_239 /* AccountsPublicKeyTests.swift in Sources */,
				OBJ_240 /* BlocksGetTests.swift in Sources */,
				OBJ_241 /* BlocksListTests.swift in Sources */,
				OBJ_242 /* DelegatesGetTests.swift in Sources */,
				OBJ_243 /* DelegatesListTests.swift in Sources */,
				OBJ_244 /* PeersGetTests.swift in Sources */,
				OBJ_245 /* PeersListTests.swift in Sources */,
				OBJ_246 /* SignaturesRegisterTests.swift in Sources */,
				OBJ_247 /* TransactionsGetTests.swift in Sources */,
				OBJ_248 /* TransactionsListTest.swift in Sources */,
				OBJ_249 /* TransactionsSigningTest.swift in Sources */,
				OBJ_250 /* TransactionsTransferTests.swift in Sources */,
				OBJ_251 /* MnemonicPassphraseTests.swift in Sources */,
				OBJ_252 /* SignMessageTests.swift in Sources */,
				OBJ_253 /* LiskTestCase.swift in Sources */,
			);
			runOnlyForDeploymentPostprocessing = 0;
		};
/* End PBXSourcesBuildPhase section */

/* Begin PBXTargetDependency section */
		OBJ_161 /* PBXTargetDependency */ = {
			isa = PBXTargetDependency;
			target = "Ed25519::CEd25519" /* CEd25519 */;
			targetProxy = 3896F02C20AB2BF800069A45 /* PBXContainerItemProxy */;
		};
		OBJ_219 /* PBXTargetDependency */ = {
			isa = PBXTargetDependency;
			target = "Ed25519::Ed25519" /* Ed25519 */;
			targetProxy = 3896F02D20AB2BF800069A45 /* PBXContainerItemProxy */;
		};
		OBJ_220 /* PBXTargetDependency */ = {
			isa = PBXTargetDependency;
			target = "Ed25519::CEd25519" /* CEd25519 */;
			targetProxy = 3896F02E20AB2BF800069A45 /* PBXContainerItemProxy */;
		};
		OBJ_231 /* PBXTargetDependency */ = {
			isa = PBXTargetDependency;
			target = "Lisk::LiskTests" /* LiskTests */;
			targetProxy = 3896F03220AB2BF800069A45 /* PBXContainerItemProxy */;
		};
		OBJ_258 /* PBXTargetDependency */ = {
			isa = PBXTargetDependency;
			target = "Lisk::Lisk" /* Lisk */;
			targetProxy = 3896F02F20AB2BF800069A45 /* PBXContainerItemProxy */;
		};
		OBJ_259 /* PBXTargetDependency */ = {
			isa = PBXTargetDependency;
			target = "Ed25519::Ed25519" /* Ed25519 */;
			targetProxy = 3896F03020AB2BF800069A45 /* PBXContainerItemProxy */;
		};
		OBJ_260 /* PBXTargetDependency */ = {
			isa = PBXTargetDependency;
			target = "Ed25519::CEd25519" /* CEd25519 */;
			targetProxy = 3896F03120AB2BF800069A45 /* PBXContainerItemProxy */;
		};
/* End PBXTargetDependency section */

/* Begin XCBuildConfiguration section */
		OBJ_135 /* Debug */ = {
			isa = XCBuildConfiguration;
			buildSettings = {
				DEFINES_MODULE = NO;
				ENABLE_TESTABILITY = YES;
				FRAMEWORK_SEARCH_PATHS = (
					"$(inherited)",
					"$(PLATFORM_DIR)/Developer/Library/Frameworks",
				);
				HEADER_SEARCH_PATHS = (
					"$(inherited)",
					"$(SRCROOT)/.build/checkouts/ed25519.git--1962158432852652388/Sources/CEd25519/include",
				);
				INFOPLIST_FILE = Lisk.xcodeproj/CEd25519_Info.plist;
				LD_RUNPATH_SEARCH_PATHS = "$(inherited) $(TOOLCHAIN_DIR)/usr/lib/swift/macosx";
				OTHER_CFLAGS = "$(inherited)";
				OTHER_LDFLAGS = "$(inherited)";
				OTHER_SWIFT_FLAGS = "$(inherited)";
				PRODUCT_BUNDLE_IDENTIFIER = CEd25519;
				PRODUCT_MODULE_NAME = "$(TARGET_NAME:c99extidentifier)";
				PRODUCT_NAME = "$(TARGET_NAME:c99extidentifier)";
				SKIP_INSTALL = YES;
				TARGET_NAME = CEd25519;
			};
			name = Debug;
		};
		OBJ_136 /* Release */ = {
			isa = XCBuildConfiguration;
			buildSettings = {
				DEFINES_MODULE = NO;
				ENABLE_TESTABILITY = YES;
				FRAMEWORK_SEARCH_PATHS = (
					"$(inherited)",
					"$(PLATFORM_DIR)/Developer/Library/Frameworks",
				);
				HEADER_SEARCH_PATHS = (
					"$(inherited)",
					"$(SRCROOT)/.build/checkouts/ed25519.git--1962158432852652388/Sources/CEd25519/include",
				);
				INFOPLIST_FILE = Lisk.xcodeproj/CEd25519_Info.plist;
				LD_RUNPATH_SEARCH_PATHS = "$(inherited) $(TOOLCHAIN_DIR)/usr/lib/swift/macosx";
				OTHER_CFLAGS = "$(inherited)";
				OTHER_LDFLAGS = "$(inherited)";
				OTHER_SWIFT_FLAGS = "$(inherited)";
				PRODUCT_BUNDLE_IDENTIFIER = CEd25519;
				PRODUCT_MODULE_NAME = "$(TARGET_NAME:c99extidentifier)";
				PRODUCT_NAME = "$(TARGET_NAME:c99extidentifier)";
				SKIP_INSTALL = YES;
				TARGET_NAME = CEd25519;
			};
			name = Release;
		};
		OBJ_151 /* Debug */ = {
			isa = XCBuildConfiguration;
			buildSettings = {
				ENABLE_TESTABILITY = YES;
				FRAMEWORK_SEARCH_PATHS = (
					"$(inherited)",
					"$(PLATFORM_DIR)/Developer/Library/Frameworks",
				);
				HEADER_SEARCH_PATHS = (
					"$(inherited)",
					"$(SRCROOT)/.build/checkouts/ed25519.git--1962158432852652388/Sources/CEd25519/include",
					"$(SRCROOT)/Lisk.xcodeproj/GeneratedModuleMap/CEd25519",
				);
				INFOPLIST_FILE = Lisk.xcodeproj/Ed25519_Info.plist;
				LD_RUNPATH_SEARCH_PATHS = "$(inherited) $(TOOLCHAIN_DIR)/usr/lib/swift/macosx";
				OTHER_CFLAGS = "$(inherited)";
				OTHER_LDFLAGS = "$(inherited)";
				OTHER_SWIFT_FLAGS = "$(inherited) -Xcc -fmodule-map-file=$(SRCROOT)/Lisk.xcodeproj/GeneratedModuleMap/CEd25519/module.modulemap";
				PRODUCT_BUNDLE_IDENTIFIER = Ed25519;
				PRODUCT_MODULE_NAME = "$(TARGET_NAME:c99extidentifier)";
				PRODUCT_NAME = "$(TARGET_NAME:c99extidentifier)";
				SKIP_INSTALL = YES;
				SWIFT_VERSION = 4.0;
				TARGET_NAME = Ed25519;
			};
			name = Debug;
		};
		OBJ_152 /* Release */ = {
			isa = XCBuildConfiguration;
			buildSettings = {
				ENABLE_TESTABILITY = YES;
				FRAMEWORK_SEARCH_PATHS = (
					"$(inherited)",
					"$(PLATFORM_DIR)/Developer/Library/Frameworks",
				);
				HEADER_SEARCH_PATHS = (
					"$(inherited)",
					"$(SRCROOT)/.build/checkouts/ed25519.git--1962158432852652388/Sources/CEd25519/include",
					"$(SRCROOT)/Lisk.xcodeproj/GeneratedModuleMap/CEd25519",
				);
				INFOPLIST_FILE = Lisk.xcodeproj/Ed25519_Info.plist;
				LD_RUNPATH_SEARCH_PATHS = "$(inherited) $(TOOLCHAIN_DIR)/usr/lib/swift/macosx";
				OTHER_CFLAGS = "$(inherited)";
				OTHER_LDFLAGS = "$(inherited)";
				OTHER_SWIFT_FLAGS = "$(inherited) -Xcc -fmodule-map-file=$(SRCROOT)/Lisk.xcodeproj/GeneratedModuleMap/CEd25519/module.modulemap";
				PRODUCT_BUNDLE_IDENTIFIER = Ed25519;
				PRODUCT_MODULE_NAME = "$(TARGET_NAME:c99extidentifier)";
				PRODUCT_NAME = "$(TARGET_NAME:c99extidentifier)";
				SKIP_INSTALL = YES;
				SWIFT_VERSION = 4.0;
				TARGET_NAME = Ed25519;
			};
			name = Release;
		};
		OBJ_164 /* Debug */ = {
			isa = XCBuildConfiguration;
			buildSettings = {
				LD = /usr/bin/true;
				OTHER_SWIFT_FLAGS = "-swift-version 4 -I $(TOOLCHAIN_DIR)/usr/lib/swift/pm/4 -target x86_64-apple-macosx10.10 -sdk /Applications/Xcode.app/Contents/Developer/Platforms/MacOSX.platform/Developer/SDKs/MacOSX10.13.sdk";
				SWIFT_VERSION = 4.0;
			};
			name = Debug;
		};
		OBJ_165 /* Release */ = {
			isa = XCBuildConfiguration;
			buildSettings = {
				LD = /usr/bin/true;
				OTHER_SWIFT_FLAGS = "-swift-version 4 -I $(TOOLCHAIN_DIR)/usr/lib/swift/pm/4 -target x86_64-apple-macosx10.10 -sdk /Applications/Xcode.app/Contents/Developer/Platforms/MacOSX.platform/Developer/SDKs/MacOSX10.13.sdk";
				SWIFT_VERSION = 4.0;
			};
			name = Release;
		};
		OBJ_170 /* Debug */ = {
			isa = XCBuildConfiguration;
			buildSettings = {
				ENABLE_TESTABILITY = YES;
				FRAMEWORK_SEARCH_PATHS = (
					"$(inherited)",
					"$(PLATFORM_DIR)/Developer/Library/Frameworks",
				);
				HEADER_SEARCH_PATHS = (
					"$(inherited)",
					"$(SRCROOT)/.build/checkouts/ed25519.git--1962158432852652388/Sources/CEd25519/include",
					"$(SRCROOT)/Lisk.xcodeproj/GeneratedModuleMap/CEd25519",
				);
				INFOPLIST_FILE = Lisk.xcodeproj/Lisk_Info.plist;
				LD_RUNPATH_SEARCH_PATHS = "$(inherited) $(TOOLCHAIN_DIR)/usr/lib/swift/macosx";
				OTHER_CFLAGS = "$(inherited)";
				OTHER_LDFLAGS = "$(inherited)";
				OTHER_SWIFT_FLAGS = "$(inherited) -Xcc -fmodule-map-file=$(SRCROOT)/Lisk.xcodeproj/GeneratedModuleMap/CEd25519/module.modulemap";
				PRODUCT_BUNDLE_IDENTIFIER = Lisk;
				PRODUCT_MODULE_NAME = "$(TARGET_NAME:c99extidentifier)";
				PRODUCT_NAME = "$(TARGET_NAME:c99extidentifier)";
				SKIP_INSTALL = YES;
				SWIFT_VERSION = 4.0;
				TARGET_NAME = Lisk;
			};
			name = Debug;
		};
		OBJ_171 /* Release */ = {
			isa = XCBuildConfiguration;
			buildSettings = {
				ENABLE_TESTABILITY = YES;
				FRAMEWORK_SEARCH_PATHS = (
					"$(inherited)",
					"$(PLATFORM_DIR)/Developer/Library/Frameworks",
				);
				HEADER_SEARCH_PATHS = (
					"$(inherited)",
					"$(SRCROOT)/.build/checkouts/ed25519.git--1962158432852652388/Sources/CEd25519/include",
					"$(SRCROOT)/Lisk.xcodeproj/GeneratedModuleMap/CEd25519",
				);
				INFOPLIST_FILE = Lisk.xcodeproj/Lisk_Info.plist;
				LD_RUNPATH_SEARCH_PATHS = "$(inherited) $(TOOLCHAIN_DIR)/usr/lib/swift/macosx";
				OTHER_CFLAGS = "$(inherited)";
				OTHER_LDFLAGS = "$(inherited)";
				OTHER_SWIFT_FLAGS = "$(inherited) -Xcc -fmodule-map-file=$(SRCROOT)/Lisk.xcodeproj/GeneratedModuleMap/CEd25519/module.modulemap";
				PRODUCT_BUNDLE_IDENTIFIER = Lisk;
				PRODUCT_MODULE_NAME = "$(TARGET_NAME:c99extidentifier)";
				PRODUCT_NAME = "$(TARGET_NAME:c99extidentifier)";
				SKIP_INSTALL = YES;
				SWIFT_VERSION = 4.0;
				TARGET_NAME = Lisk;
			};
			name = Release;
		};
		OBJ_223 /* Debug */ = {
			isa = XCBuildConfiguration;
			buildSettings = {
				LD = /usr/bin/true;
				OTHER_SWIFT_FLAGS = "-swift-version 4 -I $(TOOLCHAIN_DIR)/usr/lib/swift/pm/4 -target x86_64-apple-macosx10.10 -sdk /Applications/Xcode.app/Contents/Developer/Platforms/MacOSX.platform/Developer/SDKs/MacOSX10.13.sdk";
				SWIFT_VERSION = 4.0;
			};
			name = Debug;
		};
		OBJ_224 /* Release */ = {
			isa = XCBuildConfiguration;
			buildSettings = {
				LD = /usr/bin/true;
				OTHER_SWIFT_FLAGS = "-swift-version 4 -I $(TOOLCHAIN_DIR)/usr/lib/swift/pm/4 -target x86_64-apple-macosx10.10 -sdk /Applications/Xcode.app/Contents/Developer/Platforms/MacOSX.platform/Developer/SDKs/MacOSX10.13.sdk";
				SWIFT_VERSION = 4.0;
			};
			name = Release;
		};
		OBJ_229 /* Debug */ = {
			isa = XCBuildConfiguration;
			buildSettings = {
			};
			name = Debug;
		};
		OBJ_230 /* Release */ = {
			isa = XCBuildConfiguration;
			buildSettings = {
			};
			name = Release;
		};
		OBJ_234 /* Debug */ = {
			isa = XCBuildConfiguration;
			buildSettings = {
				EMBEDDED_CONTENT_CONTAINS_SWIFT = YES;
				FRAMEWORK_SEARCH_PATHS = (
					"$(inherited)",
					"$(PLATFORM_DIR)/Developer/Library/Frameworks",
				);
				HEADER_SEARCH_PATHS = (
					"$(inherited)",
					"$(SRCROOT)/.build/checkouts/ed25519.git--1962158432852652388/Sources/CEd25519/include",
					"$(SRCROOT)/Lisk.xcodeproj/GeneratedModuleMap/CEd25519",
				);
				INFOPLIST_FILE = Lisk.xcodeproj/LiskTests_Info.plist;
				LD_RUNPATH_SEARCH_PATHS = "$(inherited) @loader_path/../Frameworks @loader_path/Frameworks";
				OTHER_CFLAGS = "$(inherited)";
				OTHER_LDFLAGS = "$(inherited)";
				OTHER_SWIFT_FLAGS = "$(inherited) -Xcc -fmodule-map-file=$(SRCROOT)/Lisk.xcodeproj/GeneratedModuleMap/CEd25519/module.modulemap";
				SWIFT_VERSION = 4.0;
				TARGET_NAME = LiskTests;
			};
			name = Debug;
		};
		OBJ_235 /* Release */ = {
			isa = XCBuildConfiguration;
			buildSettings = {
				EMBEDDED_CONTENT_CONTAINS_SWIFT = YES;
				FRAMEWORK_SEARCH_PATHS = (
					"$(inherited)",
					"$(PLATFORM_DIR)/Developer/Library/Frameworks",
				);
				HEADER_SEARCH_PATHS = (
					"$(inherited)",
					"$(SRCROOT)/.build/checkouts/ed25519.git--1962158432852652388/Sources/CEd25519/include",
					"$(SRCROOT)/Lisk.xcodeproj/GeneratedModuleMap/CEd25519",
				);
				INFOPLIST_FILE = Lisk.xcodeproj/LiskTests_Info.plist;
				LD_RUNPATH_SEARCH_PATHS = "$(inherited) @loader_path/../Frameworks @loader_path/Frameworks";
				OTHER_CFLAGS = "$(inherited)";
				OTHER_LDFLAGS = "$(inherited)";
				OTHER_SWIFT_FLAGS = "$(inherited) -Xcc -fmodule-map-file=$(SRCROOT)/Lisk.xcodeproj/GeneratedModuleMap/CEd25519/module.modulemap";
				SWIFT_VERSION = 4.0;
				TARGET_NAME = LiskTests;
			};
			name = Release;
		};
		OBJ_3 /* Debug */ = {
			isa = XCBuildConfiguration;
			buildSettings = {
				CLANG_ENABLE_OBJC_ARC = YES;
				COMBINE_HIDPI_IMAGES = YES;
				COPY_PHASE_STRIP = NO;
				DEBUG_INFORMATION_FORMAT = dwarf;
				DYLIB_INSTALL_NAME_BASE = "@rpath";
				ENABLE_NS_ASSERTIONS = YES;
				GCC_OPTIMIZATION_LEVEL = 0;
				MACOSX_DEPLOYMENT_TARGET = 10.10;
				ONLY_ACTIVE_ARCH = YES;
				OTHER_SWIFT_FLAGS = "-DXcode";
				PRODUCT_NAME = "$(TARGET_NAME)";
				SDKROOT = macosx;
				SUPPORTED_PLATFORMS = "macosx iphoneos iphonesimulator appletvos appletvsimulator watchos watchsimulator";
				SWIFT_ACTIVE_COMPILATION_CONDITIONS = SWIFT_PACKAGE;
				SWIFT_OPTIMIZATION_LEVEL = "-Onone";
				USE_HEADERMAP = NO;
			};
			name = Debug;
		};
		OBJ_4 /* Release */ = {
			isa = XCBuildConfiguration;
			buildSettings = {
				CLANG_ENABLE_OBJC_ARC = YES;
				COMBINE_HIDPI_IMAGES = YES;
				COPY_PHASE_STRIP = YES;
				DEBUG_INFORMATION_FORMAT = "dwarf-with-dsym";
				DYLIB_INSTALL_NAME_BASE = "@rpath";
				GCC_OPTIMIZATION_LEVEL = s;
				MACOSX_DEPLOYMENT_TARGET = 10.10;
				OTHER_SWIFT_FLAGS = "-DXcode";
				PRODUCT_NAME = "$(TARGET_NAME)";
				SDKROOT = macosx;
				SUPPORTED_PLATFORMS = "macosx iphoneos iphonesimulator appletvos appletvsimulator watchos watchsimulator";
				SWIFT_ACTIVE_COMPILATION_CONDITIONS = SWIFT_PACKAGE;
				SWIFT_OPTIMIZATION_LEVEL = "-Owholemodule";
				USE_HEADERMAP = NO;
			};
			name = Release;
		};
/* End XCBuildConfiguration section */

/* Begin XCConfigurationList section */
		OBJ_134 /* Build configuration list for PBXNativeTarget "CEd25519" */ = {
			isa = XCConfigurationList;
			buildConfigurations = (
				OBJ_135 /* Debug */,
				OBJ_136 /* Release */,
			);
			defaultConfigurationIsVisible = 0;
			defaultConfigurationName = Release;
		};
		OBJ_150 /* Build configuration list for PBXNativeTarget "Ed25519" */ = {
			isa = XCConfigurationList;
			buildConfigurations = (
				OBJ_151 /* Debug */,
				OBJ_152 /* Release */,
			);
			defaultConfigurationIsVisible = 0;
			defaultConfigurationName = Release;
		};
		OBJ_163 /* Build configuration list for PBXNativeTarget "Ed25519PackageDescription" */ = {
			isa = XCConfigurationList;
			buildConfigurations = (
				OBJ_164 /* Debug */,
				OBJ_165 /* Release */,
			);
			defaultConfigurationIsVisible = 0;
			defaultConfigurationName = Release;
		};
		OBJ_169 /* Build configuration list for PBXNativeTarget "Lisk" */ = {
			isa = XCConfigurationList;
			buildConfigurations = (
				OBJ_170 /* Debug */,
				OBJ_171 /* Release */,
			);
			defaultConfigurationIsVisible = 0;
			defaultConfigurationName = Release;
		};
		OBJ_2 /* Build configuration list for PBXProject "Lisk" */ = {
			isa = XCConfigurationList;
			buildConfigurations = (
				OBJ_3 /* Debug */,
				OBJ_4 /* Release */,
			);
			defaultConfigurationIsVisible = 0;
			defaultConfigurationName = Release;
		};
		OBJ_222 /* Build configuration list for PBXNativeTarget "LiskPackageDescription" */ = {
			isa = XCConfigurationList;
			buildConfigurations = (
				OBJ_223 /* Debug */,
				OBJ_224 /* Release */,
			);
			defaultConfigurationIsVisible = 0;
			defaultConfigurationName = Release;
		};
		OBJ_228 /* Build configuration list for PBXAggregateTarget "LiskPackageTests" */ = {
			isa = XCConfigurationList;
			buildConfigurations = (
				OBJ_229 /* Debug */,
				OBJ_230 /* Release */,
			);
			defaultConfigurationIsVisible = 0;
			defaultConfigurationName = Release;
		};
		OBJ_233 /* Build configuration list for PBXNativeTarget "LiskTests" */ = {
			isa = XCConfigurationList;
			buildConfigurations = (
				OBJ_234 /* Debug */,
				OBJ_235 /* Release */,
			);
			defaultConfigurationIsVisible = 0;
			defaultConfigurationName = Release;
		};
/* End XCConfigurationList section */
	};
	rootObject = OBJ_1 /* Project object */;
}
